Microsoft Visual Studio Solution File, Format Version 8.00
Project("{8BC9CEB8-8B4A-11D0-8D11-00A0C91BC942}") = "client", "dcapi_2003.vcproj", "{EE96AAE0-7D9F-48AA-8ECD-7EECED30289C}"
	ProjectSection(ProjectDependencies) = postProject
		{27121515-FD62-4D36-B513-8FD7D45E3283} = {27121515-FD62-4D36-B513-8FD7D45E3283}
		{0BC1DB36-030A-4321-B387-1CEE2611E329} = {0BC1DB36-030A-4321-B387-1CEE2611E329}
		{32394A76-744C-4D0E-B7C4-BB9F3E1BF256} = {32394A76-744C-4D0E-B7C4-BB9F3E1BF256}
		{E8F6BD7E-461A-4733-B7D8-37B09A099ED8} = {E8F6BD7E-461A-4733-B7D8-37B09A099ED8}
		{75CDFBC4-6E9B-4DF9-8B57-2B14B96EB4AE} = {75CDFBC4-6E9B-4DF9-8B57-2B14B96EB4AE}
	EndProjectSection
EndProject
Project("{8BC9CEB8-8B4A-11D0-8D11-00A0C91BC942}") = "logger", "logger_2003.vcproj", "{32394A76-744C-4D0E-B7C4-BB9F3E1BF256}"
	ProjectSection(ProjectDependencies) = postProject
	EndProjectSection
EndProject
Project("{8BC9CEB8-8B4A-11D0-8D11-00A0C91BC942}") = "util", "util_2003.vcproj", "{27121515-FD62-4D36-B513-8FD7D45E3283}"
	ProjectSection(ProjectDependencies) = postProject
	EndProjectSection
EndProject
Project("{8BC9CEB8-8B4A-11D0-8D11-00A0C91BC942}") = "cfg-client", "cfg-client_2003.vcproj", "{75CDFBC4-6E9B-4DF9-8B57-2B14B96EB4AE}"
	ProjectSection(ProjectDependencies) = postProject
		{27121515-FD62-4D36-B513-8FD7D45E3283} = {27121515-FD62-4D36-B513-8FD7D45E3283}
		{32394A76-744C-4D0E-B7C4-BB9F3E1BF256} = {32394A76-744C-4D0E-B7C4-BB9F3E1BF256}
	EndProjectSection
EndProject
Project("{8BC9CEB8-8B4A-11D0-8D11-00A0C91BC942}") = "libboinc", "libboinc_2003.vcproj", "{E8F6BD7E-461A-4733-B7D8-37B09A099ED8}"
	ProjectSection(ProjectDependencies) = postProject
	EndProjectSection
EndProject
Project("{8BC9CEB8-8B4A-11D0-8D11-00A0C91BC942}") = "libboincapi", "libboincapi_2003.vcproj", "{0BC1DB36-030A-4321-B387-1CEE2611E329}"
	ProjectSection(ProjectDependencies) = postProject
	EndProjectSection
EndProject
Global
	GlobalSection(SolutionConfiguration) = preSolution
		Debug = Debug
		Release = Release
	EndGlobalSection
	GlobalSection(ProjectDependencies) = postSolution
	EndGlobalSection
	GlobalSection(ProjectConfiguration) = postSolution
		{EE96AAE0-7D9F-48AA-8ECD-7EECED30289C}.Debug.ActiveCfg = Debug|Win32
		{EE96AAE0-7D9F-48AA-8ECD-7EECED30289C}.Debug.Build.0 = Debug|Win32
		{EE96AAE0-7D9F-48AA-8ECD-7EECED30289C}.Release.ActiveCfg = Release|Win32
		{EE96AAE0-7D9F-48AA-8ECD-7EECED30289C}.Release.Build.0 = Release|Win32
		{32394A76-744C-4D0E-B7C4-BB9F3E1BF256}.Debug.ActiveCfg = Debug|Win32
		{32394A76-744C-4D0E-B7C4-BB9F3E1BF256}.Debug.Build.0 = Debug|Win32
		{32394A76-744C-4D0E-B7C4-BB9F3E1BF256}.Release.ActiveCfg = Release|Win32
		{32394A76-744C-4D0E-B7C4-BB9F3E1BF256}.Release.Build.0 = Release|Win32
		{27121515-FD62-4D36-B513-8FD7D45E3283}.Debug.ActiveCfg = Debug|Win32
		{27121515-FD62-4D36-B513-8FD7D45E3283}.Debug.Build.0 = Debug|Win32
		{27121515-FD62-4D36-B513-8FD7D45E3283}.Release.ActiveCfg = Release|Win32
		{27121515-FD62-4D36-B513-8FD7D45E3283}.Release.Build.0 = Release|Win32
		{75CDFBC4-6E9B-4DF9-8B57-2B14B96EB4AE}.Debug.ActiveCfg = Debug|Win32
		{75CDFBC4-6E9B-4DF9-8B57-2B14B96EB4AE}.Debug.Build.0 = Debug|Win32
		{75CDFBC4-6E9B-4DF9-8B57-2B14B96EB4AE}.Release.ActiveCfg = Release|Win32
		{75CDFBC4-6E9B-4DF9-8B57-2B14B96EB4AE}.Release.Build.0 = Release|Win32
		{E8F6BD7E-461A-4733-B7D8-37B09A099ED8}.Debug.ActiveCfg = Debug|Win32
		{E8F6BD7E-461A-4733-B7D8-37B09A099ED8}.Debug.Build.0 = Debug|Win32
		{E8F6BD7E-461A-4733-B7D8-37B09A099ED8}.Release.ActiveCfg = Release|Win32
		{E8F6BD7E-461A-4733-B7D8-37B09A099ED8}.Release.Build.0 = Release|Win32
		{0BC1DB36-030A-4321-B387-1CEE2611E329}.Debug.ActiveCfg = Debug|Win32
		{0BC1DB36-030A-4321-B387-1CEE2611E329}.Debug.Build.0 = Debug|Win32
		{0BC1DB36-030A-4321-B387-1CEE2611E329}.Release.ActiveCfg = Release|Win32
		{0BC1DB36-030A-4321-B387-1CEE2611E329}.Release.Build.0 = Release|Win32
	EndGlobalSection
	GlobalSection(ExtensibilityGlobals) = postSolution
	EndGlobalSection
	GlobalSection(ExtensibilityAddIns) = postSolution
	EndGlobalSection
EndGlobal
