// !$*UTF8*$!
{
	archiveVersion = 1;
	classes = {
	};
	objectVersion = 42;
	objects = {

/* Begin PBXAggregateTarget section */
		DD84C71E0C856D9E000EBEC4 /* Build_All */ = {
			isa = PBXAggregateTarget;
			buildConfigurationList = DD84C7280C856DBB000EBEC4 /* Build configuration list for PBXAggregateTarget "Build_All" */;
			buildPhases = (
			);
			dependencies = (
				DDC479C015AC57C40022401F /* PBXTargetDependency */,
				DDC479BE15AC57BC0022401F /* PBXTargetDependency */,
				DD84C7200C856DA6000EBEC4 /* PBXTargetDependency */,
				DD84C7220C856DA6000EBEC4 /* PBXTargetDependency */,
			);
			name = Build_All;
			productName = Build_All;
		};
/* End PBXAggregateTarget section */

/* Begin PBXBuildFile section */
		DD1194B00F42CB4900C2BC25 /* uc2_graphics.cpp in Sources */ = {isa = PBXBuildFile; fileRef = DD1194AF0F42CB4900C2BC25 /* uc2_graphics.cpp */; };
		DD1194B20F42CB5400C2BC25 /* uc2.cpp in Sources */ = {isa = PBXBuildFile; fileRef = DD1194B10F42CB5400C2BC25 /* uc2.cpp */; };
		DD760E68094E56DB002CACC4 /* AppKit.framework in Frameworks */ = {isa = PBXBuildFile; fileRef = DD760E65094E56DB002CACC4 /* AppKit.framework */; };
		DD760E69094E56DB002CACC4 /* GLUT.framework in Frameworks */ = {isa = PBXBuildFile; fileRef = DD760E66094E56DB002CACC4 /* GLUT.framework */; };
		DD760E6A094E56DB002CACC4 /* OpenGL.framework in Frameworks */ = {isa = PBXBuildFile; fileRef = DD760E67094E56DB002CACC4 /* OpenGL.framework */; };
		DD84C6A90C856B36000EBEC4 /* jcapimin.c in Sources */ = {isa = PBXBuildFile; fileRef = DD00F66A09EBA9710024857D /* jcapimin.c */; };
		DD84C6AA0C856B36000EBEC4 /* jcapistd.c in Sources */ = {isa = PBXBuildFile; fileRef = DD00F66B09EBA9710024857D /* jcapistd.c */; };
		DD84C6AB0C856B36000EBEC4 /* jccoefct.c in Sources */ = {isa = PBXBuildFile; fileRef = DD00F66C09EBA9710024857D /* jccoefct.c */; };
		DD84C6AC0C856B36000EBEC4 /* jccolor.c in Sources */ = {isa = PBXBuildFile; fileRef = DD00F66D09EBA9710024857D /* jccolor.c */; };
		DD84C6AD0C856B36000EBEC4 /* jcdctmgr.c in Sources */ = {isa = PBXBuildFile; fileRef = DD00F66E09EBA9710024857D /* jcdctmgr.c */; };
		DD84C6AE0C856B36000EBEC4 /* jchuff.c in Sources */ = {isa = PBXBuildFile; fileRef = DD00F66F09EBA9710024857D /* jchuff.c */; };
		DD84C6AF0C856B36000EBEC4 /* jcinit.c in Sources */ = {isa = PBXBuildFile; fileRef = DD00F67109EBA9710024857D /* jcinit.c */; };
		DD84C6B00C856B36000EBEC4 /* jcmainct.c in Sources */ = {isa = PBXBuildFile; fileRef = DD00F67209EBA9710024857D /* jcmainct.c */; };
		DD84C6B10C856B36000EBEC4 /* jcmarker.c in Sources */ = {isa = PBXBuildFile; fileRef = DD00F67309EBA9710024857D /* jcmarker.c */; };
		DD84C6B20C856B36000EBEC4 /* jcmaster.c in Sources */ = {isa = PBXBuildFile; fileRef = DD00F67409EBA9710024857D /* jcmaster.c */; };
		DD84C6B30C856B36000EBEC4 /* jcomapi.c in Sources */ = {isa = PBXBuildFile; fileRef = DD00F67509EBA9710024857D /* jcomapi.c */; };
		DD84C6B40C856B36000EBEC4 /* jcparam.c in Sources */ = {isa = PBXBuildFile; fileRef = DD00F67709EBA9710024857D /* jcparam.c */; };
		DD84C6B50C856B36000EBEC4 /* jcphuff.c in Sources */ = {isa = PBXBuildFile; fileRef = DD00F67809EBA9710024857D /* jcphuff.c */; };
		DD84C6B60C856B36000EBEC4 /* jcprepct.c in Sources */ = {isa = PBXBuildFile; fileRef = DD00F67909EBA9710024857D /* jcprepct.c */; };
		DD84C6B70C856B36000EBEC4 /* jcsample.c in Sources */ = {isa = PBXBuildFile; fileRef = DD00F67A09EBA9710024857D /* jcsample.c */; };
		DD84C6B80C856B36000EBEC4 /* jctrans.c in Sources */ = {isa = PBXBuildFile; fileRef = DD00F67B09EBA9710024857D /* jctrans.c */; };
		DD84C6B90C856B36000EBEC4 /* jdapimin.c in Sources */ = {isa = PBXBuildFile; fileRef = DD00F67C09EBA9710024857D /* jdapimin.c */; };
		DD84C6BA0C856B36000EBEC4 /* jdapistd.c in Sources */ = {isa = PBXBuildFile; fileRef = DD00F67D09EBA9710024857D /* jdapistd.c */; };
		DD84C6BB0C856B36000EBEC4 /* jdatadst.c in Sources */ = {isa = PBXBuildFile; fileRef = DD00F67E09EBA9710024857D /* jdatadst.c */; };
		DD84C6BC0C856B36000EBEC4 /* jdatasrc.c in Sources */ = {isa = PBXBuildFile; fileRef = DD00F67F09EBA9710024857D /* jdatasrc.c */; };
		DD84C6BD0C856B36000EBEC4 /* jdcoefct.c in Sources */ = {isa = PBXBuildFile; fileRef = DD00F68009EBA9710024857D /* jdcoefct.c */; };
		DD84C6BE0C856B36000EBEC4 /* jdcolor.c in Sources */ = {isa = PBXBuildFile; fileRef = DD00F68109EBA9710024857D /* jdcolor.c */; };
		DD84C6BF0C856B36000EBEC4 /* jddctmgr.c in Sources */ = {isa = PBXBuildFile; fileRef = DD00F68309EBA9710024857D /* jddctmgr.c */; };
		DD84C6C00C856B36000EBEC4 /* jdhuff.c in Sources */ = {isa = PBXBuildFile; fileRef = DD00F68409EBA9710024857D /* jdhuff.c */; };
		DD84C6C10C856B36000EBEC4 /* jdinput.c in Sources */ = {isa = PBXBuildFile; fileRef = DD00F68609EBA9710024857D /* jdinput.c */; };
		DD84C6C20C856B36000EBEC4 /* jdmainct.c in Sources */ = {isa = PBXBuildFile; fileRef = DD00F68709EBA9710024857D /* jdmainct.c */; };
		DD84C6C30C856B36000EBEC4 /* jdmarker.c in Sources */ = {isa = PBXBuildFile; fileRef = DD00F68809EBA9710024857D /* jdmarker.c */; };
		DD84C6C40C856B36000EBEC4 /* jdmaster.c in Sources */ = {isa = PBXBuildFile; fileRef = DD00F68909EBA9710024857D /* jdmaster.c */; };
		DD84C6C50C856B36000EBEC4 /* jdmerge.c in Sources */ = {isa = PBXBuildFile; fileRef = DD00F68A09EBA9710024857D /* jdmerge.c */; };
		DD84C6C60C856B36000EBEC4 /* jdphuff.c in Sources */ = {isa = PBXBuildFile; fileRef = DD00F68B09EBA9710024857D /* jdphuff.c */; };
		DD84C6C70C856B36000EBEC4 /* jdpostct.c in Sources */ = {isa = PBXBuildFile; fileRef = DD00F68C09EBA9710024857D /* jdpostct.c */; };
		DD84C6C80C856B36000EBEC4 /* jdsample.c in Sources */ = {isa = PBXBuildFile; fileRef = DD00F68D09EBA9710024857D /* jdsample.c */; };
		DD84C6C90C856B36000EBEC4 /* jdtrans.c in Sources */ = {isa = PBXBuildFile; fileRef = DD00F68E09EBA9710024857D /* jdtrans.c */; };
		DD84C6CA0C856B36000EBEC4 /* jerror.c in Sources */ = {isa = PBXBuildFile; fileRef = DD00F68F09EBA9710024857D /* jerror.c */; };
		DD84C6CB0C856B36000EBEC4 /* jfdctflt.c in Sources */ = {isa = PBXBuildFile; fileRef = DD00F69109EBA9710024857D /* jfdctflt.c */; };
		DD84C6CC0C856B36000EBEC4 /* jfdctfst.c in Sources */ = {isa = PBXBuildFile; fileRef = DD00F69209EBA9710024857D /* jfdctfst.c */; };
		DD84C6CD0C856B36000EBEC4 /* jfdctint.c in Sources */ = {isa = PBXBuildFile; fileRef = DD00F69309EBA9710024857D /* jfdctint.c */; };
		DD84C6CE0C856B36000EBEC4 /* jidctflt.c in Sources */ = {isa = PBXBuildFile; fileRef = DD00F69409EBA9710024857D /* jidctflt.c */; };
		DD84C6CF0C856B36000EBEC4 /* jidctfst.c in Sources */ = {isa = PBXBuildFile; fileRef = DD00F69509EBA9710024857D /* jidctfst.c */; };
		DD84C6D00C856B36000EBEC4 /* jidctint.c in Sources */ = {isa = PBXBuildFile; fileRef = DD00F69609EBA9710024857D /* jidctint.c */; };
		DD84C6D10C856B36000EBEC4 /* jidctred.c in Sources */ = {isa = PBXBuildFile; fileRef = DD00F69709EBA9710024857D /* jidctred.c */; };
		DD84C6D20C856B36000EBEC4 /* jmemmgr.c in Sources */ = {isa = PBXBuildFile; fileRef = DD00F69909EBA9710024857D /* jmemmgr.c */; };
		DD84C6D30C856B36000EBEC4 /* jmemnobs.c in Sources */ = {isa = PBXBuildFile; fileRef = DD00F69A09EBA9710024857D /* jmemnobs.c */; };
		DD84C6D40C856B36000EBEC4 /* jquant1.c in Sources */ = {isa = PBXBuildFile; fileRef = DD00F69F09EBA9710024857D /* jquant1.c */; };
		DD84C6D50C856B36000EBEC4 /* jquant2.c in Sources */ = {isa = PBXBuildFile; fileRef = DD00F6A009EBA9710024857D /* jquant2.c */; };
		DD84C6D60C856B36000EBEC4 /* jutils.c in Sources */ = {isa = PBXBuildFile; fileRef = DD00F6A109EBA9710024857D /* jutils.c */; };
		DD84C6D70C856B36000EBEC4 /* rdbmp.c in Sources */ = {isa = PBXBuildFile; fileRef = DD00F6A309EBA9710024857D /* rdbmp.c */; };
		DD84C6D80C856B36000EBEC4 /* rdcolmap.c in Sources */ = {isa = PBXBuildFile; fileRef = DD00F6A409EBA9710024857D /* rdcolmap.c */; };
		DD84C6D90C856B36000EBEC4 /* rdgif.c in Sources */ = {isa = PBXBuildFile; fileRef = DD00F6A509EBA9710024857D /* rdgif.c */; };
		DD84C6DA0C856B36000EBEC4 /* rdppm.c in Sources */ = {isa = PBXBuildFile; fileRef = DD00F6A609EBA9710024857D /* rdppm.c */; };
		DD84C6DB0C856B36000EBEC4 /* rdrle.c in Sources */ = {isa = PBXBuildFile; fileRef = DD00F6A709EBA9710024857D /* rdrle.c */; };
		DD84C6DC0C856B36000EBEC4 /* rdswitch.c in Sources */ = {isa = PBXBuildFile; fileRef = DD00F6A809EBA9710024857D /* rdswitch.c */; };
		DD84C6DD0C856B36000EBEC4 /* rdtarga.c in Sources */ = {isa = PBXBuildFile; fileRef = DD00F6A909EBA9710024857D /* rdtarga.c */; };
		DD84C6DF0C856B36000EBEC4 /* AppKit.framework in Frameworks */ = {isa = PBXBuildFile; fileRef = DD760E65094E56DB002CACC4 /* AppKit.framework */; };
		DD84C6E00C856B36000EBEC4 /* GLUT.framework in Frameworks */ = {isa = PBXBuildFile; fileRef = DD760E66094E56DB002CACC4 /* GLUT.framework */; };
		DD84C6E10C856B36000EBEC4 /* OpenGL.framework in Frameworks */ = {isa = PBXBuildFile; fileRef = DD760E67094E56DB002CACC4 /* OpenGL.framework */; };
		DDC4796715AC56CA0022401F /* uc2.cpp in Sources */ = {isa = PBXBuildFile; fileRef = DD1194B10F42CB5400C2BC25 /* uc2.cpp */; };
		DDC4796915AC56CA0022401F /* AppKit.framework in Frameworks */ = {isa = PBXBuildFile; fileRef = DD760E65094E56DB002CACC4 /* AppKit.framework */; };
		DDC4796A15AC56CA0022401F /* GLUT.framework in Frameworks */ = {isa = PBXBuildFile; fileRef = DD760E66094E56DB002CACC4 /* GLUT.framework */; };
		DDC4796B15AC56CA0022401F /* OpenGL.framework in Frameworks */ = {isa = PBXBuildFile; fileRef = DD760E67094E56DB002CACC4 /* OpenGL.framework */; };
		DDC4797915AC56EB0022401F /* jcapimin.c in Sources */ = {isa = PBXBuildFile; fileRef = DD00F66A09EBA9710024857D /* jcapimin.c */; };
		DDC4797A15AC56EB0022401F /* jcapistd.c in Sources */ = {isa = PBXBuildFile; fileRef = DD00F66B09EBA9710024857D /* jcapistd.c */; };
		DDC4797B15AC56EB0022401F /* jccoefct.c in Sources */ = {isa = PBXBuildFile; fileRef = DD00F66C09EBA9710024857D /* jccoefct.c */; };
		DDC4797C15AC56EB0022401F /* jccolor.c in Sources */ = {isa = PBXBuildFile; fileRef = DD00F66D09EBA9710024857D /* jccolor.c */; };
		DDC4797D15AC56EB0022401F /* jcdctmgr.c in Sources */ = {isa = PBXBuildFile; fileRef = DD00F66E09EBA9710024857D /* jcdctmgr.c */; };
		DDC4797E15AC56EB0022401F /* jchuff.c in Sources */ = {isa = PBXBuildFile; fileRef = DD00F66F09EBA9710024857D /* jchuff.c */; };
		DDC4797F15AC56EB0022401F /* jcinit.c in Sources */ = {isa = PBXBuildFile; fileRef = DD00F67109EBA9710024857D /* jcinit.c */; };
		DDC4798015AC56EB0022401F /* jcmainct.c in Sources */ = {isa = PBXBuildFile; fileRef = DD00F67209EBA9710024857D /* jcmainct.c */; };
		DDC4798115AC56EB0022401F /* jcmarker.c in Sources */ = {isa = PBXBuildFile; fileRef = DD00F67309EBA9710024857D /* jcmarker.c */; };
		DDC4798215AC56EB0022401F /* jcmaster.c in Sources */ = {isa = PBXBuildFile; fileRef = DD00F67409EBA9710024857D /* jcmaster.c */; };
		DDC4798315AC56EB0022401F /* jcomapi.c in Sources */ = {isa = PBXBuildFile; fileRef = DD00F67509EBA9710024857D /* jcomapi.c */; };
		DDC4798415AC56EB0022401F /* jcparam.c in Sources */ = {isa = PBXBuildFile; fileRef = DD00F67709EBA9710024857D /* jcparam.c */; };
		DDC4798515AC56EB0022401F /* jcphuff.c in Sources */ = {isa = PBXBuildFile; fileRef = DD00F67809EBA9710024857D /* jcphuff.c */; };
		DDC4798615AC56EB0022401F /* jcprepct.c in Sources */ = {isa = PBXBuildFile; fileRef = DD00F67909EBA9710024857D /* jcprepct.c */; };
		DDC4798715AC56EB0022401F /* jcsample.c in Sources */ = {isa = PBXBuildFile; fileRef = DD00F67A09EBA9710024857D /* jcsample.c */; };
		DDC4798815AC56EB0022401F /* jctrans.c in Sources */ = {isa = PBXBuildFile; fileRef = DD00F67B09EBA9710024857D /* jctrans.c */; };
		DDC4798915AC56EB0022401F /* jdapimin.c in Sources */ = {isa = PBXBuildFile; fileRef = DD00F67C09EBA9710024857D /* jdapimin.c */; };
		DDC4798A15AC56EB0022401F /* jdapistd.c in Sources */ = {isa = PBXBuildFile; fileRef = DD00F67D09EBA9710024857D /* jdapistd.c */; };
		DDC4798B15AC56EB0022401F /* jdatadst.c in Sources */ = {isa = PBXBuildFile; fileRef = DD00F67E09EBA9710024857D /* jdatadst.c */; };
		DDC4798C15AC56EB0022401F /* jdatasrc.c in Sources */ = {isa = PBXBuildFile; fileRef = DD00F67F09EBA9710024857D /* jdatasrc.c */; };
		DDC4798D15AC56EB0022401F /* jdcoefct.c in Sources */ = {isa = PBXBuildFile; fileRef = DD00F68009EBA9710024857D /* jdcoefct.c */; };
		DDC4798E15AC56EB0022401F /* jdcolor.c in Sources */ = {isa = PBXBuildFile; fileRef = DD00F68109EBA9710024857D /* jdcolor.c */; };
		DDC4798F15AC56EB0022401F /* jddctmgr.c in Sources */ = {isa = PBXBuildFile; fileRef = DD00F68309EBA9710024857D /* jddctmgr.c */; };
		DDC4799015AC56EB0022401F /* jdhuff.c in Sources */ = {isa = PBXBuildFile; fileRef = DD00F68409EBA9710024857D /* jdhuff.c */; };
		DDC4799115AC56EB0022401F /* jdinput.c in Sources */ = {isa = PBXBuildFile; fileRef = DD00F68609EBA9710024857D /* jdinput.c */; };
		DDC4799215AC56EB0022401F /* jdmainct.c in Sources */ = {isa = PBXBuildFile; fileRef = DD00F68709EBA9710024857D /* jdmainct.c */; };
		DDC4799315AC56EB0022401F /* jdmarker.c in Sources */ = {isa = PBXBuildFile; fileRef = DD00F68809EBA9710024857D /* jdmarker.c */; };
		DDC4799415AC56EB0022401F /* jdmaster.c in Sources */ = {isa = PBXBuildFile; fileRef = DD00F68909EBA9710024857D /* jdmaster.c */; };
		DDC4799515AC56EB0022401F /* jdmerge.c in Sources */ = {isa = PBXBuildFile; fileRef = DD00F68A09EBA9710024857D /* jdmerge.c */; };
		DDC4799615AC56EB0022401F /* jdphuff.c in Sources */ = {isa = PBXBuildFile; fileRef = DD00F68B09EBA9710024857D /* jdphuff.c */; };
		DDC4799715AC56EB0022401F /* jdpostct.c in Sources */ = {isa = PBXBuildFile; fileRef = DD00F68C09EBA9710024857D /* jdpostct.c */; };
		DDC4799815AC56EB0022401F /* jdsample.c in Sources */ = {isa = PBXBuildFile; fileRef = DD00F68D09EBA9710024857D /* jdsample.c */; };
		DDC4799915AC56EB0022401F /* jdtrans.c in Sources */ = {isa = PBXBuildFile; fileRef = DD00F68E09EBA9710024857D /* jdtrans.c */; };
		DDC4799A15AC56EB0022401F /* jerror.c in Sources */ = {isa = PBXBuildFile; fileRef = DD00F68F09EBA9710024857D /* jerror.c */; };
		DDC4799B15AC56EB0022401F /* jfdctflt.c in Sources */ = {isa = PBXBuildFile; fileRef = DD00F69109EBA9710024857D /* jfdctflt.c */; };
		DDC4799C15AC56EB0022401F /* jfdctfst.c in Sources */ = {isa = PBXBuildFile; fileRef = DD00F69209EBA9710024857D /* jfdctfst.c */; };
		DDC4799D15AC56EB0022401F /* jfdctint.c in Sources */ = {isa = PBXBuildFile; fileRef = DD00F69309EBA9710024857D /* jfdctint.c */; };
		DDC4799E15AC56EB0022401F /* jidctflt.c in Sources */ = {isa = PBXBuildFile; fileRef = DD00F69409EBA9710024857D /* jidctflt.c */; };
		DDC4799F15AC56EB0022401F /* jidctfst.c in Sources */ = {isa = PBXBuildFile; fileRef = DD00F69509EBA9710024857D /* jidctfst.c */; };
		DDC479A015AC56EB0022401F /* jidctint.c in Sources */ = {isa = PBXBuildFile; fileRef = DD00F69609EBA9710024857D /* jidctint.c */; };
		DDC479A115AC56EB0022401F /* jidctred.c in Sources */ = {isa = PBXBuildFile; fileRef = DD00F69709EBA9710024857D /* jidctred.c */; };
		DDC479A215AC56EB0022401F /* jmemmgr.c in Sources */ = {isa = PBXBuildFile; fileRef = DD00F69909EBA9710024857D /* jmemmgr.c */; };
		DDC479A315AC56EB0022401F /* jmemnobs.c in Sources */ = {isa = PBXBuildFile; fileRef = DD00F69A09EBA9710024857D /* jmemnobs.c */; };
		DDC479A415AC56EB0022401F /* jquant1.c in Sources */ = {isa = PBXBuildFile; fileRef = DD00F69F09EBA9710024857D /* jquant1.c */; };
		DDC479A515AC56EB0022401F /* jquant2.c in Sources */ = {isa = PBXBuildFile; fileRef = DD00F6A009EBA9710024857D /* jquant2.c */; };
		DDC479A615AC56EB0022401F /* jutils.c in Sources */ = {isa = PBXBuildFile; fileRef = DD00F6A109EBA9710024857D /* jutils.c */; };
		DDC479A715AC56EB0022401F /* rdbmp.c in Sources */ = {isa = PBXBuildFile; fileRef = DD00F6A309EBA9710024857D /* rdbmp.c */; };
		DDC479A815AC56EB0022401F /* rdcolmap.c in Sources */ = {isa = PBXBuildFile; fileRef = DD00F6A409EBA9710024857D /* rdcolmap.c */; };
		DDC479A915AC56EB0022401F /* rdgif.c in Sources */ = {isa = PBXBuildFile; fileRef = DD00F6A509EBA9710024857D /* rdgif.c */; };
		DDC479AA15AC56EB0022401F /* rdppm.c in Sources */ = {isa = PBXBuildFile; fileRef = DD00F6A609EBA9710024857D /* rdppm.c */; };
		DDC479AB15AC56EB0022401F /* rdrle.c in Sources */ = {isa = PBXBuildFile; fileRef = DD00F6A709EBA9710024857D /* rdrle.c */; };
		DDC479AC15AC56EB0022401F /* rdswitch.c in Sources */ = {isa = PBXBuildFile; fileRef = DD00F6A809EBA9710024857D /* rdswitch.c */; };
		DDC479AD15AC56EB0022401F /* rdtarga.c in Sources */ = {isa = PBXBuildFile; fileRef = DD00F6A909EBA9710024857D /* rdtarga.c */; };
		DDC479AE15AC56EB0022401F /* uc2_graphics.cpp in Sources */ = {isa = PBXBuildFile; fileRef = DD1194AF0F42CB4900C2BC25 /* uc2_graphics.cpp */; };
		DDC479B015AC56EB0022401F /* AppKit.framework in Frameworks */ = {isa = PBXBuildFile; fileRef = DD760E65094E56DB002CACC4 /* AppKit.framework */; };
		DDC479B115AC56EB0022401F /* GLUT.framework in Frameworks */ = {isa = PBXBuildFile; fileRef = DD760E66094E56DB002CACC4 /* GLUT.framework */; };
		DDC479B215AC56EB0022401F /* OpenGL.framework in Frameworks */ = {isa = PBXBuildFile; fileRef = DD760E67094E56DB002CACC4 /* OpenGL.framework */; };
/* End PBXBuildFile section */

/* Begin PBXBuildRule section */
		DD760E3C094E540C002CACC4 /* PBXBuildRule */ = {
			isa = PBXBuildRule;
			compilerSpec = com.apple.compilers.gcc.4_0;
			fileType = sourcecode.asm;
			isEditable = 1;
			outputFiles = (
			);
		};
		DD760E3D094E540D002CACC4 /* PBXBuildRule */ = {
			isa = PBXBuildRule;
			compilerSpec = com.apple.compilers.gcc.4_0;
			fileType = sourcecode.cpp;
			isEditable = 1;
			outputFiles = (
			);
		};
		DD760E3E094E540D002CACC4 /* PBXBuildRule */ = {
			isa = PBXBuildRule;
			compilerSpec = com.apple.compilers.gcc.4_0;
			fileType = sourcecode.c;
			isEditable = 1;
			outputFiles = (
			);
		};
		DD84C6E30C856B36000EBEC4 /* PBXBuildRule */ = {
			isa = PBXBuildRule;
			compilerSpec = com.apple.compilers.gcc.4_0;
			fileType = sourcecode.c;
			isEditable = 1;
			outputFiles = (
			);
		};
		DD84C6E40C856B36000EBEC4 /* PBXBuildRule */ = {
			isa = PBXBuildRule;
			compilerSpec = com.apple.compilers.gcc.4_0;
			fileType = sourcecode.cpp;
			isEditable = 1;
			outputFiles = (
			);
		};
		DD84C6E50C856B36000EBEC4 /* PBXBuildRule */ = {
			isa = PBXBuildRule;
			compilerSpec = com.apple.compilers.gcc.4_0;
			fileType = sourcecode.asm;
			isEditable = 1;
			outputFiles = (
			);
		};
		DDC4796E15AC56CA0022401F /* PBXBuildRule */ = {
			isa = PBXBuildRule;
			compilerSpec = com.apple.compilers.gcc.4_0;
			fileType = sourcecode.c;
			isEditable = 1;
			outputFiles = (
			);
		};
		DDC4796F15AC56CA0022401F /* PBXBuildRule */ = {
			isa = PBXBuildRule;
			compilerSpec = com.apple.compilers.gcc.4_0;
			fileType = sourcecode.cpp;
			isEditable = 1;
			outputFiles = (
			);
		};
		DDC4797015AC56CA0022401F /* PBXBuildRule */ = {
			isa = PBXBuildRule;
			compilerSpec = com.apple.compilers.gcc.4_0;
			fileType = sourcecode.asm;
			isEditable = 1;
			outputFiles = (
			);
		};
		DDC479B415AC56EB0022401F /* PBXBuildRule */ = {
			isa = PBXBuildRule;
			compilerSpec = com.apple.compilers.gcc.4_0;
			fileType = sourcecode.c;
			isEditable = 1;
			outputFiles = (
			);
		};
		DDC479B515AC56EB0022401F /* PBXBuildRule */ = {
			isa = PBXBuildRule;
			compilerSpec = com.apple.compilers.gcc.4_0;
			fileType = sourcecode.cpp;
			isEditable = 1;
			outputFiles = (
			);
		};
		DDC479B615AC56EB0022401F /* PBXBuildRule */ = {
			isa = PBXBuildRule;
			compilerSpec = com.apple.compilers.gcc.4_0;
			fileType = sourcecode.asm;
			isEditable = 1;
			outputFiles = (
			);
		};
/* End PBXBuildRule section */

/* Begin PBXContainerItemProxy section */
		DD84C71F0C856DA6000EBEC4 /* PBXContainerItemProxy */ = {
			isa = PBXContainerItemProxy;
			containerPortal = 08FB7793FE84155DC02AAC07 /* Project object */;
			proxyType = 1;
			remoteGlobalIDString = 8DD76FA90486AB0100D96B5E;
			remoteInfo = UC2;
		};
		DD84C7210C856DA6000EBEC4 /* PBXContainerItemProxy */ = {
			isa = PBXContainerItemProxy;
			containerPortal = 08FB7793FE84155DC02AAC07 /* Project object */;
			proxyType = 1;
			remoteGlobalIDString = DD84C6A70C856B36000EBEC4;
			remoteInfo = UC2Gfx;
		};
		DDC479BD15AC57BC0022401F /* PBXContainerItemProxy */ = {
			isa = PBXContainerItemProxy;
			containerPortal = 08FB7793FE84155DC02AAC07 /* Project object */;
			proxyType = 1;
			remoteGlobalIDString = DDC4796515AC56CA0022401F;
			remoteInfo = "UC2-x86_64";
		};
		DDC479BF15AC57C40022401F /* PBXContainerItemProxy */ = {
			isa = PBXContainerItemProxy;
			containerPortal = 08FB7793FE84155DC02AAC07 /* Project object */;
			proxyType = 1;
			remoteGlobalIDString = DDC4797715AC56EB0022401F;
			remoteInfo = "UC2Gfx-x86_64";
		};
/* End PBXContainerItemProxy section */

/* Begin PBXFileReference section */
		8DD76FB20486AB0100D96B5E /* uc2_i686-apple-darwin */ = {isa = PBXFileReference; explicitFileType = "compiled.mach-o.executable"; includeInIndex = 0; path = "uc2_i686-apple-darwin"; sourceTree = BUILT_PRODUCTS_DIR; };
		DD00F66809EBA9710024857D /* cderror.h */ = {isa = PBXFileReference; fileEncoding = 30; lastKnownFileType = sourcecode.c.h; name = cderror.h; path = ../jpeglib/cderror.h; sourceTree = SOURCE_ROOT; };
		DD00F66909EBA9710024857D /* cdjpeg.h */ = {isa = PBXFileReference; fileEncoding = 30; lastKnownFileType = sourcecode.c.h; name = cdjpeg.h; path = ../jpeglib/cdjpeg.h; sourceTree = SOURCE_ROOT; };
		DD00F66A09EBA9710024857D /* jcapimin.c */ = {isa = PBXFileReference; fileEncoding = 30; lastKnownFileType = sourcecode.c.c; name = jcapimin.c; path = ../jpeglib/jcapimin.c; sourceTree = SOURCE_ROOT; };
		DD00F66B09EBA9710024857D /* jcapistd.c */ = {isa = PBXFileReference; fileEncoding = 30; lastKnownFileType = sourcecode.c.c; name = jcapistd.c; path = ../jpeglib/jcapistd.c; sourceTree = SOURCE_ROOT; };
		DD00F66C09EBA9710024857D /* jccoefct.c */ = {isa = PBXFileReference; fileEncoding = 30; lastKnownFileType = sourcecode.c.c; name = jccoefct.c; path = ../jpeglib/jccoefct.c; sourceTree = SOURCE_ROOT; };
		DD00F66D09EBA9710024857D /* jccolor.c */ = {isa = PBXFileReference; fileEncoding = 30; lastKnownFileType = sourcecode.c.c; name = jccolor.c; path = ../jpeglib/jccolor.c; sourceTree = SOURCE_ROOT; };
		DD00F66E09EBA9710024857D /* jcdctmgr.c */ = {isa = PBXFileReference; fileEncoding = 30; lastKnownFileType = sourcecode.c.c; name = jcdctmgr.c; path = ../jpeglib/jcdctmgr.c; sourceTree = SOURCE_ROOT; };
		DD00F66F09EBA9710024857D /* jchuff.c */ = {isa = PBXFileReference; fileEncoding = 30; lastKnownFileType = sourcecode.c.c; name = jchuff.c; path = ../jpeglib/jchuff.c; sourceTree = SOURCE_ROOT; };
		DD00F67009EBA9710024857D /* jchuff.h */ = {isa = PBXFileReference; fileEncoding = 30; lastKnownFileType = sourcecode.c.h; name = jchuff.h; path = ../jpeglib/jchuff.h; sourceTree = SOURCE_ROOT; };
		DD00F67109EBA9710024857D /* jcinit.c */ = {isa = PBXFileReference; fileEncoding = 30; lastKnownFileType = sourcecode.c.c; name = jcinit.c; path = ../jpeglib/jcinit.c; sourceTree = SOURCE_ROOT; };
		DD00F67209EBA9710024857D /* jcmainct.c */ = {isa = PBXFileReference; fileEncoding = 30; lastKnownFileType = sourcecode.c.c; name = jcmainct.c; path = ../jpeglib/jcmainct.c; sourceTree = SOURCE_ROOT; };
		DD00F67309EBA9710024857D /* jcmarker.c */ = {isa = PBXFileReference; fileEncoding = 30; lastKnownFileType = sourcecode.c.c; name = jcmarker.c; path = ../jpeglib/jcmarker.c; sourceTree = SOURCE_ROOT; };
		DD00F67409EBA9710024857D /* jcmaster.c */ = {isa = PBXFileReference; fileEncoding = 30; lastKnownFileType = sourcecode.c.c; name = jcmaster.c; path = ../jpeglib/jcmaster.c; sourceTree = SOURCE_ROOT; };
		DD00F67509EBA9710024857D /* jcomapi.c */ = {isa = PBXFileReference; fileEncoding = 30; lastKnownFileType = sourcecode.c.c; name = jcomapi.c; path = ../jpeglib/jcomapi.c; sourceTree = SOURCE_ROOT; };
		DD00F67609EBA9710024857D /* jconfig.h */ = {isa = PBXFileReference; fileEncoding = 30; lastKnownFileType = sourcecode.c.h; name = jconfig.h; path = ../jpeglib/jconfig.h; sourceTree = SOURCE_ROOT; };
		DD00F67709EBA9710024857D /* jcparam.c */ = {isa = PBXFileReference; fileEncoding = 30; lastKnownFileType = sourcecode.c.c; name = jcparam.c; path = ../jpeglib/jcparam.c; sourceTree = SOURCE_ROOT; };
		DD00F67809EBA9710024857D /* jcphuff.c */ = {isa = PBXFileReference; fileEncoding = 30; lastKnownFileType = sourcecode.c.c; name = jcphuff.c; path = ../jpeglib/jcphuff.c; sourceTree = SOURCE_ROOT; };
		DD00F67909EBA9710024857D /* jcprepct.c */ = {isa = PBXFileReference; fileEncoding = 30; lastKnownFileType = sourcecode.c.c; name = jcprepct.c; path = ../jpeglib/jcprepct.c; sourceTree = SOURCE_ROOT; };
		DD00F67A09EBA9710024857D /* jcsample.c */ = {isa = PBXFileReference; fileEncoding = 30; lastKnownFileType = sourcecode.c.c; name = jcsample.c; path = ../jpeglib/jcsample.c; sourceTree = SOURCE_ROOT; };
		DD00F67B09EBA9710024857D /* jctrans.c */ = {isa = PBXFileReference; fileEncoding = 30; lastKnownFileType = sourcecode.c.c; name = jctrans.c; path = ../jpeglib/jctrans.c; sourceTree = SOURCE_ROOT; };
		DD00F67C09EBA9710024857D /* jdapimin.c */ = {isa = PBXFileReference; fileEncoding = 30; lastKnownFileType = sourcecode.c.c; name = jdapimin.c; path = ../jpeglib/jdapimin.c; sourceTree = SOURCE_ROOT; };
		DD00F67D09EBA9710024857D /* jdapistd.c */ = {isa = PBXFileReference; fileEncoding = 30; lastKnownFileType = sourcecode.c.c; name = jdapistd.c; path = ../jpeglib/jdapistd.c; sourceTree = SOURCE_ROOT; };
		DD00F67E09EBA9710024857D /* jdatadst.c */ = {isa = PBXFileReference; fileEncoding = 30; lastKnownFileType = sourcecode.c.c; name = jdatadst.c; path = ../jpeglib/jdatadst.c; sourceTree = SOURCE_ROOT; };
		DD00F67F09EBA9710024857D /* jdatasrc.c */ = {isa = PBXFileReference; fileEncoding = 30; lastKnownFileType = sourcecode.c.c; name = jdatasrc.c; path = ../jpeglib/jdatasrc.c; sourceTree = SOURCE_ROOT; };
		DD00F68009EBA9710024857D /* jdcoefct.c */ = {isa = PBXFileReference; fileEncoding = 30; lastKnownFileType = sourcecode.c.c; name = jdcoefct.c; path = ../jpeglib/jdcoefct.c; sourceTree = SOURCE_ROOT; };
		DD00F68109EBA9710024857D /* jdcolor.c */ = {isa = PBXFileReference; fileEncoding = 30; lastKnownFileType = sourcecode.c.c; name = jdcolor.c; path = ../jpeglib/jdcolor.c; sourceTree = SOURCE_ROOT; };
		DD00F68209EBA9710024857D /* jdct.h */ = {isa = PBXFileReference; fileEncoding = 30; lastKnownFileType = sourcecode.c.h; name = jdct.h; path = ../jpeglib/jdct.h; sourceTree = SOURCE_ROOT; };
		DD00F68309EBA9710024857D /* jddctmgr.c */ = {isa = PBXFileReference; fileEncoding = 30; lastKnownFileType = sourcecode.c.c; name = jddctmgr.c; path = ../jpeglib/jddctmgr.c; sourceTree = SOURCE_ROOT; };
		DD00F68409EBA9710024857D /* jdhuff.c */ = {isa = PBXFileReference; fileEncoding = 30; lastKnownFileType = sourcecode.c.c; name = jdhuff.c; path = ../jpeglib/jdhuff.c; sourceTree = SOURCE_ROOT; };
		DD00F68509EBA9710024857D /* jdhuff.h */ = {isa = PBXFileReference; fileEncoding = 30; lastKnownFileType = sourcecode.c.h; name = jdhuff.h; path = ../jpeglib/jdhuff.h; sourceTree = SOURCE_ROOT; };
		DD00F68609EBA9710024857D /* jdinput.c */ = {isa = PBXFileReference; fileEncoding = 30; lastKnownFileType = sourcecode.c.c; name = jdinput.c; path = ../jpeglib/jdinput.c; sourceTree = SOURCE_ROOT; };
		DD00F68709EBA9710024857D /* jdmainct.c */ = {isa = PBXFileReference; fileEncoding = 30; lastKnownFileType = sourcecode.c.c; name = jdmainct.c; path = ../jpeglib/jdmainct.c; sourceTree = SOURCE_ROOT; };
		DD00F68809EBA9710024857D /* jdmarker.c */ = {isa = PBXFileReference; fileEncoding = 30; lastKnownFileType = sourcecode.c.c; name = jdmarker.c; path = ../jpeglib/jdmarker.c; sourceTree = SOURCE_ROOT; };
		DD00F68909EBA9710024857D /* jdmaster.c */ = {isa = PBXFileReference; fileEncoding = 30; lastKnownFileType = sourcecode.c.c; name = jdmaster.c; path = ../jpeglib/jdmaster.c; sourceTree = SOURCE_ROOT; };
		DD00F68A09EBA9710024857D /* jdmerge.c */ = {isa = PBXFileReference; fileEncoding = 30; lastKnownFileType = sourcecode.c.c; name = jdmerge.c; path = ../jpeglib/jdmerge.c; sourceTree = SOURCE_ROOT; };
		DD00F68B09EBA9710024857D /* jdphuff.c */ = {isa = PBXFileReference; fileEncoding = 30; lastKnownFileType = sourcecode.c.c; name = jdphuff.c; path = ../jpeglib/jdphuff.c; sourceTree = SOURCE_ROOT; };
		DD00F68C09EBA9710024857D /* jdpostct.c */ = {isa = PBXFileReference; fileEncoding = 30; lastKnownFileType = sourcecode.c.c; name = jdpostct.c; path = ../jpeglib/jdpostct.c; sourceTree = SOURCE_ROOT; };
		DD00F68D09EBA9710024857D /* jdsample.c */ = {isa = PBXFileReference; fileEncoding = 30; lastKnownFileType = sourcecode.c.c; name = jdsample.c; path = ../jpeglib/jdsample.c; sourceTree = SOURCE_ROOT; };
		DD00F68E09EBA9710024857D /* jdtrans.c */ = {isa = PBXFileReference; fileEncoding = 30; lastKnownFileType = sourcecode.c.c; name = jdtrans.c; path = ../jpeglib/jdtrans.c; sourceTree = SOURCE_ROOT; };
		DD00F68F09EBA9710024857D /* jerror.c */ = {isa = PBXFileReference; fileEncoding = 30; lastKnownFileType = sourcecode.c.c; name = jerror.c; path = ../jpeglib/jerror.c; sourceTree = SOURCE_ROOT; };
		DD00F69009EBA9710024857D /* jerror.h */ = {isa = PBXFileReference; fileEncoding = 30; lastKnownFileType = sourcecode.c.h; name = jerror.h; path = ../jpeglib/jerror.h; sourceTree = SOURCE_ROOT; };
		DD00F69109EBA9710024857D /* jfdctflt.c */ = {isa = PBXFileReference; fileEncoding = 30; lastKnownFileType = sourcecode.c.c; name = jfdctflt.c; path = ../jpeglib/jfdctflt.c; sourceTree = SOURCE_ROOT; };
		DD00F69209EBA9710024857D /* jfdctfst.c */ = {isa = PBXFileReference; fileEncoding = 30; lastKnownFileType = sourcecode.c.c; name = jfdctfst.c; path = ../jpeglib/jfdctfst.c; sourceTree = SOURCE_ROOT; };
		DD00F69309EBA9710024857D /* jfdctint.c */ = {isa = PBXFileReference; fileEncoding = 30; lastKnownFileType = sourcecode.c.c; name = jfdctint.c; path = ../jpeglib/jfdctint.c; sourceTree = SOURCE_ROOT; };
		DD00F69409EBA9710024857D /* jidctflt.c */ = {isa = PBXFileReference; fileEncoding = 30; lastKnownFileType = sourcecode.c.c; name = jidctflt.c; path = ../jpeglib/jidctflt.c; sourceTree = SOURCE_ROOT; };
		DD00F69509EBA9710024857D /* jidctfst.c */ = {isa = PBXFileReference; fileEncoding = 30; lastKnownFileType = sourcecode.c.c; name = jidctfst.c; path = ../jpeglib/jidctfst.c; sourceTree = SOURCE_ROOT; };
		DD00F69609EBA9710024857D /* jidctint.c */ = {isa = PBXFileReference; fileEncoding = 30; lastKnownFileType = sourcecode.c.c; name = jidctint.c; path = ../jpeglib/jidctint.c; sourceTree = SOURCE_ROOT; };
		DD00F69709EBA9710024857D /* jidctred.c */ = {isa = PBXFileReference; fileEncoding = 30; lastKnownFileType = sourcecode.c.c; name = jidctred.c; path = ../jpeglib/jidctred.c; sourceTree = SOURCE_ROOT; };
		DD00F69809EBA9710024857D /* jinclude.h */ = {isa = PBXFileReference; fileEncoding = 30; lastKnownFileType = sourcecode.c.h; name = jinclude.h; path = ../jpeglib/jinclude.h; sourceTree = SOURCE_ROOT; };
		DD00F69909EBA9710024857D /* jmemmgr.c */ = {isa = PBXFileReference; fileEncoding = 30; lastKnownFileType = sourcecode.c.c; name = jmemmgr.c; path = ../jpeglib/jmemmgr.c; sourceTree = SOURCE_ROOT; };
		DD00F69A09EBA9710024857D /* jmemnobs.c */ = {isa = PBXFileReference; fileEncoding = 30; lastKnownFileType = sourcecode.c.c; name = jmemnobs.c; path = ../jpeglib/jmemnobs.c; sourceTree = SOURCE_ROOT; };
		DD00F69B09EBA9710024857D /* jmemsys.h */ = {isa = PBXFileReference; fileEncoding = 30; lastKnownFileType = sourcecode.c.h; name = jmemsys.h; path = ../jpeglib/jmemsys.h; sourceTree = SOURCE_ROOT; };
		DD00F69C09EBA9710024857D /* jmorecfg.h */ = {isa = PBXFileReference; fileEncoding = 30; lastKnownFileType = sourcecode.c.h; name = jmorecfg.h; path = ../jpeglib/jmorecfg.h; sourceTree = SOURCE_ROOT; };
		DD00F69D09EBA9710024857D /* jpegint.h */ = {isa = PBXFileReference; fileEncoding = 30; lastKnownFileType = sourcecode.c.h; name = jpegint.h; path = ../jpeglib/jpegint.h; sourceTree = SOURCE_ROOT; };
		DD00F69E09EBA9710024857D /* jpeglib.h */ = {isa = PBXFileReference; fileEncoding = 30; lastKnownFileType = sourcecode.c.h; name = jpeglib.h; path = ../jpeglib/jpeglib.h; sourceTree = SOURCE_ROOT; };
		DD00F69F09EBA9710024857D /* jquant1.c */ = {isa = PBXFileReference; fileEncoding = 30; lastKnownFileType = sourcecode.c.c; name = jquant1.c; path = ../jpeglib/jquant1.c; sourceTree = SOURCE_ROOT; };
		DD00F6A009EBA9710024857D /* jquant2.c */ = {isa = PBXFileReference; fileEncoding = 30; lastKnownFileType = sourcecode.c.c; name = jquant2.c; path = ../jpeglib/jquant2.c; sourceTree = SOURCE_ROOT; };
		DD00F6A109EBA9710024857D /* jutils.c */ = {isa = PBXFileReference; fileEncoding = 30; lastKnownFileType = sourcecode.c.c; name = jutils.c; path = ../jpeglib/jutils.c; sourceTree = SOURCE_ROOT; };
		DD00F6A209EBA9710024857D /* jversion.h */ = {isa = PBXFileReference; fileEncoding = 30; lastKnownFileType = sourcecode.c.h; name = jversion.h; path = ../jpeglib/jversion.h; sourceTree = SOURCE_ROOT; };
		DD00F6A309EBA9710024857D /* rdbmp.c */ = {isa = PBXFileReference; fileEncoding = 30; lastKnownFileType = sourcecode.c.c; name = rdbmp.c; path = ../jpeglib/rdbmp.c; sourceTree = SOURCE_ROOT; };
		DD00F6A409EBA9710024857D /* rdcolmap.c */ = {isa = PBXFileReference; fileEncoding = 30; lastKnownFileType = sourcecode.c.c; name = rdcolmap.c; path = ../jpeglib/rdcolmap.c; sourceTree = SOURCE_ROOT; };
		DD00F6A509EBA9710024857D /* rdgif.c */ = {isa = PBXFileReference; fileEncoding = 30; lastKnownFileType = sourcecode.c.c; name = rdgif.c; path = ../jpeglib/rdgif.c; sourceTree = SOURCE_ROOT; };
		DD00F6A609EBA9710024857D /* rdppm.c */ = {isa = PBXFileReference; fileEncoding = 30; lastKnownFileType = sourcecode.c.c; name = rdppm.c; path = ../jpeglib/rdppm.c; sourceTree = SOURCE_ROOT; };
		DD00F6A709EBA9710024857D /* rdrle.c */ = {isa = PBXFileReference; fileEncoding = 30; lastKnownFileType = sourcecode.c.c; name = rdrle.c; path = ../jpeglib/rdrle.c; sourceTree = SOURCE_ROOT; };
		DD00F6A809EBA9710024857D /* rdswitch.c */ = {isa = PBXFileReference; fileEncoding = 30; lastKnownFileType = sourcecode.c.c; name = rdswitch.c; path = ../jpeglib/rdswitch.c; sourceTree = SOURCE_ROOT; };
		DD00F6A909EBA9710024857D /* rdtarga.c */ = {isa = PBXFileReference; fileEncoding = 30; lastKnownFileType = sourcecode.c.c; name = rdtarga.c; path = ../jpeglib/rdtarga.c; sourceTree = SOURCE_ROOT; };
		DD1194AE0F42CAF400C2BC25 /* checkin_notes_samples */ = {isa = PBXFileReference; fileEncoding = 4; lastKnownFileType = text; name = checkin_notes_samples; path = ../../checkin_notes_samples; sourceTree = SOURCE_ROOT; };
		DD1194AF0F42CB4900C2BC25 /* uc2_graphics.cpp */ = {isa = PBXFileReference; fileEncoding = 4; lastKnownFileType = sourcecode.cpp.cpp; name = uc2_graphics.cpp; path = ../example_app/uc2_graphics.cpp; sourceTree = SOURCE_ROOT; };
		DD1194B10F42CB5400C2BC25 /* uc2.cpp */ = {isa = PBXFileReference; fileEncoding = 4; lastKnownFileType = sourcecode.cpp.cpp; name = uc2.cpp; path = ../example_app/uc2.cpp; sourceTree = SOURCE_ROOT; };
		DD760E65094E56DB002CACC4 /* AppKit.framework */ = {isa = PBXFileReference; lastKnownFileType = wrapper.framework; name = AppKit.framework; path = /System/Library/Frameworks/AppKit.framework; sourceTree = "<absolute>"; };
		DD760E66094E56DB002CACC4 /* GLUT.framework */ = {isa = PBXFileReference; lastKnownFileType = wrapper.framework; name = GLUT.framework; path = /System/Library/Frameworks/GLUT.framework; sourceTree = "<absolute>"; };
		DD760E67094E56DB002CACC4 /* OpenGL.framework */ = {isa = PBXFileReference; lastKnownFileType = wrapper.framework; name = OpenGL.framework; path = /System/Library/Frameworks/OpenGL.framework; sourceTree = "<absolute>"; };
		DD84C6EA0C856B36000EBEC4 /* uc2_graphics_i686-apple-darwin */ = {isa = PBXFileReference; explicitFileType = "compiled.mach-o.executable"; includeInIndex = 0; path = "uc2_graphics_i686-apple-darwin"; sourceTree = BUILT_PRODUCTS_DIR; };
		DD84C6F90C856C0E000EBEC4 /* uc2.h */ = {isa = PBXFileReference; fileEncoding = 30; lastKnownFileType = sourcecode.c.h; name = uc2.h; path = ../example_app/uc2.h; sourceTree = SOURCE_ROOT; };
		DDC4797515AC56CA0022401F /* UC2_x86_64-apple-darwin */ = {isa = PBXFileReference; explicitFileType = "compiled.mach-o.executable"; includeInIndex = 0; path = "UC2_x86_64-apple-darwin"; sourceTree = BUILT_PRODUCTS_DIR; };
		DDC479BB15AC56EB0022401F /* UC2_graphics_x86_64-apple-darwin */ = {isa = PBXFileReference; explicitFileType = "compiled.mach-o.executable"; includeInIndex = 0; path = "UC2_graphics_x86_64-apple-darwin"; sourceTree = BUILT_PRODUCTS_DIR; };
/* End PBXFileReference section */

/* Begin PBXFrameworksBuildPhase section */
		8DD76FAD0486AB0100D96B5E /* Frameworks */ = {
			isa = PBXFrameworksBuildPhase;
			buildActionMask = 2147483647;
			files = (
				DD760E68094E56DB002CACC4 /* AppKit.framework in Frameworks */,
				DD760E69094E56DB002CACC4 /* GLUT.framework in Frameworks */,
				DD760E6A094E56DB002CACC4 /* OpenGL.framework in Frameworks */,
			);
			runOnlyForDeploymentPostprocessing = 0;
		};
		DD84C6DE0C856B36000EBEC4 /* Frameworks */ = {
			isa = PBXFrameworksBuildPhase;
			buildActionMask = 2147483647;
			files = (
				DD84C6DF0C856B36000EBEC4 /* AppKit.framework in Frameworks */,
				DD84C6E00C856B36000EBEC4 /* GLUT.framework in Frameworks */,
				DD84C6E10C856B36000EBEC4 /* OpenGL.framework in Frameworks */,
			);
			runOnlyForDeploymentPostprocessing = 0;
		};
		DDC4796815AC56CA0022401F /* Frameworks */ = {
			isa = PBXFrameworksBuildPhase;
			buildActionMask = 2147483647;
			files = (
				DDC4796915AC56CA0022401F /* AppKit.framework in Frameworks */,
				DDC4796A15AC56CA0022401F /* GLUT.framework in Frameworks */,
				DDC4796B15AC56CA0022401F /* OpenGL.framework in Frameworks */,
			);
			runOnlyForDeploymentPostprocessing = 0;
		};
		DDC479AF15AC56EB0022401F /* Frameworks */ = {
			isa = PBXFrameworksBuildPhase;
			buildActionMask = 2147483647;
			files = (
				DDC479B015AC56EB0022401F /* AppKit.framework in Frameworks */,
				DDC479B115AC56EB0022401F /* GLUT.framework in Frameworks */,
				DDC479B215AC56EB0022401F /* OpenGL.framework in Frameworks */,
			);
			runOnlyForDeploymentPostprocessing = 0;
		};
/* End PBXFrameworksBuildPhase section */

/* Begin PBXGroup section */
		08FB7794FE84155DC02AAC07 /* UpperCase */ = {
			isa = PBXGroup;
			children = (
				DD00F81309EBAD960024857D /* Documentation */,
				08FB7795FE84155DC02AAC07 /* Source */,
				DD760E5E094E5663002CACC4 /* External Frameworks and Libraries */,
				1AB674ADFE9D54B511CA2CBB /* Products */,
			);
			name = UpperCase;
			sourceTree = "<group>";
		};
		08FB7795FE84155DC02AAC07 /* Source */ = {
			isa = PBXGroup;
			children = (
				DD1194AF0F42CB4900C2BC25 /* uc2_graphics.cpp */,
				DD1194B10F42CB5400C2BC25 /* uc2.cpp */,
				DD84C6F90C856C0E000EBEC4 /* uc2.h */,
				DD00F66509EBA9320024857D /* jpeg */,
			);
			name = Source;
			sourceTree = "<group>";
		};
		1AB674ADFE9D54B511CA2CBB /* Products */ = {
			isa = PBXGroup;
			children = (
				8DD76FB20486AB0100D96B5E /* uc2_i686-apple-darwin */,
				DD84C6EA0C856B36000EBEC4 /* uc2_graphics_i686-apple-darwin */,
				DDC4797515AC56CA0022401F /* UC2_x86_64-apple-darwin */,
				DDC479BB15AC56EB0022401F /* UC2_graphics_x86_64-apple-darwin */,
			);
			name = Products;
			sourceTree = "<group>";
		};
		DD00F66509EBA9320024857D /* jpeg */ = {
			isa = PBXGroup;
			children = (
				DD00F66809EBA9710024857D /* cderror.h */,
				DD00F66909EBA9710024857D /* cdjpeg.h */,
				DD00F66A09EBA9710024857D /* jcapimin.c */,
				DD00F66B09EBA9710024857D /* jcapistd.c */,
				DD00F66C09EBA9710024857D /* jccoefct.c */,
				DD00F66D09EBA9710024857D /* jccolor.c */,
				DD00F66E09EBA9710024857D /* jcdctmgr.c */,
				DD00F66F09EBA9710024857D /* jchuff.c */,
				DD00F67009EBA9710024857D /* jchuff.h */,
				DD00F67109EBA9710024857D /* jcinit.c */,
				DD00F67209EBA9710024857D /* jcmainct.c */,
				DD00F67309EBA9710024857D /* jcmarker.c */,
				DD00F67409EBA9710024857D /* jcmaster.c */,
				DD00F67509EBA9710024857D /* jcomapi.c */,
				DD00F67609EBA9710024857D /* jconfig.h */,
				DD00F67709EBA9710024857D /* jcparam.c */,
				DD00F67809EBA9710024857D /* jcphuff.c */,
				DD00F67909EBA9710024857D /* jcprepct.c */,
				DD00F67A09EBA9710024857D /* jcsample.c */,
				DD00F67B09EBA9710024857D /* jctrans.c */,
				DD00F67C09EBA9710024857D /* jdapimin.c */,
				DD00F67D09EBA9710024857D /* jdapistd.c */,
				DD00F67E09EBA9710024857D /* jdatadst.c */,
				DD00F67F09EBA9710024857D /* jdatasrc.c */,
				DD00F68009EBA9710024857D /* jdcoefct.c */,
				DD00F68109EBA9710024857D /* jdcolor.c */,
				DD00F68209EBA9710024857D /* jdct.h */,
				DD00F68309EBA9710024857D /* jddctmgr.c */,
				DD00F68409EBA9710024857D /* jdhuff.c */,
				DD00F68509EBA9710024857D /* jdhuff.h */,
				DD00F68609EBA9710024857D /* jdinput.c */,
				DD00F68709EBA9710024857D /* jdmainct.c */,
				DD00F68809EBA9710024857D /* jdmarker.c */,
				DD00F68909EBA9710024857D /* jdmaster.c */,
				DD00F68A09EBA9710024857D /* jdmerge.c */,
				DD00F68B09EBA9710024857D /* jdphuff.c */,
				DD00F68C09EBA9710024857D /* jdpostct.c */,
				DD00F68D09EBA9710024857D /* jdsample.c */,
				DD00F68E09EBA9710024857D /* jdtrans.c */,
				DD00F68F09EBA9710024857D /* jerror.c */,
				DD00F69009EBA9710024857D /* jerror.h */,
				DD00F69109EBA9710024857D /* jfdctflt.c */,
				DD00F69209EBA9710024857D /* jfdctfst.c */,
				DD00F69309EBA9710024857D /* jfdctint.c */,
				DD00F69409EBA9710024857D /* jidctflt.c */,
				DD00F69509EBA9710024857D /* jidctfst.c */,
				DD00F69609EBA9710024857D /* jidctint.c */,
				DD00F69709EBA9710024857D /* jidctred.c */,
				DD00F69809EBA9710024857D /* jinclude.h */,
				DD00F69909EBA9710024857D /* jmemmgr.c */,
				DD00F69A09EBA9710024857D /* jmemnobs.c */,
				DD00F69B09EBA9710024857D /* jmemsys.h */,
				DD00F69C09EBA9710024857D /* jmorecfg.h */,
				DD00F69D09EBA9710024857D /* jpegint.h */,
				DD00F69E09EBA9710024857D /* jpeglib.h */,
				DD00F69F09EBA9710024857D /* jquant1.c */,
				DD00F6A009EBA9710024857D /* jquant2.c */,
				DD00F6A109EBA9710024857D /* jutils.c */,
				DD00F6A209EBA9710024857D /* jversion.h */,
				DD00F6A309EBA9710024857D /* rdbmp.c */,
				DD00F6A409EBA9710024857D /* rdcolmap.c */,
				DD00F6A509EBA9710024857D /* rdgif.c */,
				DD00F6A609EBA9710024857D /* rdppm.c */,
				DD00F6A709EBA9710024857D /* rdrle.c */,
				DD00F6A809EBA9710024857D /* rdswitch.c */,
				DD00F6A909EBA9710024857D /* rdtarga.c */,
			);
			name = jpeg;
			sourceTree = "<group>";
		};
		DD00F81309EBAD960024857D /* Documentation */ = {
			isa = PBXGroup;
			children = (
				DD1194AE0F42CAF400C2BC25 /* checkin_notes_samples */,
			);
			name = Documentation;
			sourceTree = "<group>";
		};
		DD760E5E094E5663002CACC4 /* External Frameworks and Libraries */ = {
			isa = PBXGroup;
			children = (
				DD760E65094E56DB002CACC4 /* AppKit.framework */,
				DD760E66094E56DB002CACC4 /* GLUT.framework */,
				DD760E67094E56DB002CACC4 /* OpenGL.framework */,
			);
			name = "External Frameworks and Libraries";
			sourceTree = "<group>";
		};
/* End PBXGroup section */

/* Begin PBXNativeTarget section */
		8DD76FA90486AB0100D96B5E /* UC2-i386 */ = {
			isa = PBXNativeTarget;
			buildConfigurationList = DD6341000973C81800B1057F /* Build configuration list for PBXNativeTarget "UC2-i386" */;
			buildPhases = (
				8DD76FAB0486AB0100D96B5E /* Sources */,
				8DD76FAD0486AB0100D96B5E /* Frameworks */,
				DD7A737915AD66AB004F2841 /* ShellScript */,
			);
			buildRules = (
				DD760E3E094E540D002CACC4 /* PBXBuildRule */,
				DD760E3D094E540D002CACC4 /* PBXBuildRule */,
				DD760E3C094E540C002CACC4 /* PBXBuildRule */,
			);
			dependencies = (
			);
			name = "UC2-i386";
			productInstallPath = "$(HOME)/bin";
			productName = UpperCase;
			productReference = 8DD76FB20486AB0100D96B5E /* uc2_i686-apple-darwin */;
			productType = "com.apple.product-type.tool";
		};
		DD84C6A70C856B36000EBEC4 /* UC2Gfx-i386 */ = {
			isa = PBXNativeTarget;
			buildConfigurationList = DD84C6E60C856B36000EBEC4 /* Build configuration list for PBXNativeTarget "UC2Gfx-i386" */;
			buildPhases = (
				DD84C6A80C856B36000EBEC4 /* Sources */,
				DD84C6DE0C856B36000EBEC4 /* Frameworks */,
				DD7A737A15AD66CA004F2841 /* ShellScript */,
			);
			buildRules = (
				DD84C6E30C856B36000EBEC4 /* PBXBuildRule */,
				DD84C6E40C856B36000EBEC4 /* PBXBuildRule */,
				DD84C6E50C856B36000EBEC4 /* PBXBuildRule */,
			);
			dependencies = (
			);
			name = "UC2Gfx-i386";
			productInstallPath = "$(HOME)/bin";
			productName = UpperCase;
			productReference = DD84C6EA0C856B36000EBEC4 /* uc2_graphics_i686-apple-darwin */;
			productType = "com.apple.product-type.tool";
		};
		DDC4796515AC56CA0022401F /* UC2-x86_64 */ = {
			isa = PBXNativeTarget;
			buildConfigurationList = DDC4797115AC56CA0022401F /* Build configuration list for PBXNativeTarget "UC2-x86_64" */;
			buildPhases = (
				DDC4796615AC56CA0022401F /* Sources */,
				DDC4796815AC56CA0022401F /* Frameworks */,
				DD7A737B15AD66D8004F2841 /* ShellScript */,
			);
			buildRules = (
				DDC4796E15AC56CA0022401F /* PBXBuildRule */,
				DDC4796F15AC56CA0022401F /* PBXBuildRule */,
				DDC4797015AC56CA0022401F /* PBXBuildRule */,
			);
			dependencies = (
			);
			name = "UC2-x86_64";
			productInstallPath = "$(HOME)/bin";
			productName = UpperCase;
			productReference = DDC4797515AC56CA0022401F /* UC2_x86_64-apple-darwin */;
			productType = "com.apple.product-type.tool";
		};
		DDC4797715AC56EB0022401F /* UC2Gfx-x86_64 */ = {
			isa = PBXNativeTarget;
			buildConfigurationList = DDC479B715AC56EB0022401F /* Build configuration list for PBXNativeTarget "UC2Gfx-x86_64" */;
			buildPhases = (
				DDC4797815AC56EB0022401F /* Sources */,
				DDC479AF15AC56EB0022401F /* Frameworks */,
				DD7A737C15AD66E2004F2841 /* ShellScript */,
			);
			buildRules = (
				DDC479B415AC56EB0022401F /* PBXBuildRule */,
				DDC479B515AC56EB0022401F /* PBXBuildRule */,
				DDC479B615AC56EB0022401F /* PBXBuildRule */,
			);
			dependencies = (
			);
			name = "UC2Gfx-x86_64";
			productInstallPath = "$(HOME)/bin";
			productName = UpperCase;
			productReference = DDC479BB15AC56EB0022401F /* UC2_graphics_x86_64-apple-darwin */;
			productType = "com.apple.product-type.tool";
		};
/* End PBXNativeTarget section */

/* Begin PBXProject section */
		08FB7793FE84155DC02AAC07 /* Project object */ = {
			isa = PBXProject;
			buildConfigurationList = DD6341040973C81800B1057F /* Build configuration list for PBXProject "UpperCase2" */;
			compatibilityVersion = "Xcode 2.4";
			developmentRegion = English;
			hasScannedForEncodings = 1;
			knownRegions = (
				English,
				Japanese,
				French,
				German,
			);
			mainGroup = 08FB7794FE84155DC02AAC07 /* UpperCase */;
			projectDirPath = "";
			projectRoot = "";
			targets = (
				DD84C71E0C856D9E000EBEC4 /* Build_All */,
				8DD76FA90486AB0100D96B5E /* UC2-i386 */,
				DD84C6A70C856B36000EBEC4 /* UC2Gfx-i386 */,
				DDC4796515AC56CA0022401F /* UC2-x86_64 */,
				DDC4797715AC56EB0022401F /* UC2Gfx-x86_64 */,
			);
		};
/* End PBXProject section */

/* Begin PBXShellScriptBuildPhase section */
		DD7A737915AD66AB004F2841 /* ShellScript */ = {
			isa = PBXShellScriptBuildPhase;
			buildActionMask = 2147483647;
			files = (
			);
			inputPaths = (
			);
			outputPaths = (
			);
			runOnlyForDeploymentPostprocessing = 0;
			shellPath = /bin/sh;
			shellScript = "mkdir -p \"${SRCROOT}/build/${CONFIGURATION}\"\nif [ \"${BUILT_PRODUCTS_DIR}/${PRODUCT_NAME}\" -nt \"${SRCROOT}/build/${CONFIGURATION}/${PRODUCT_NAME}\" ]; then\n    cp -fp \"${BUILT_PRODUCTS_DIR}/${PRODUCT_NAME}\" \"${SRCROOT}/build/${CONFIGURATION}/${PRODUCT_NAME}\"\n    if [ \"$CONFIGURATION\" = \"Release\" ]; then\n#        rm -fR \"${SRCROOT}/build/${CONFIGURATION}/${PRODUCT_NAME}.dSYM\"\n        cp -fpR \"${BUILT_PRODUCTS_DIR}/${PRODUCT_NAME}.dSYM\" \"${SRCROOT}/build/${CONFIGURATION}/${PRODUCT_NAME}.dSYM\"\n    fi\nfi\n";
		};
		DD7A737A15AD66CA004F2841 /* ShellScript */ = {
			isa = PBXShellScriptBuildPhase;
			buildActionMask = 2147483647;
			files = (
			);
			inputPaths = (
			);
			outputPaths = (
			);
			runOnlyForDeploymentPostprocessing = 0;
			shellPath = /bin/sh;
			shellScript = "mkdir -p \"${SRCROOT}/build/${CONFIGURATION}\"\nif [ \"${BUILT_PRODUCTS_DIR}/${PRODUCT_NAME}\" -nt \"${SRCROOT}/build/${CONFIGURATION}/${PRODUCT_NAME}\" ]; then\n    cp -fp \"${BUILT_PRODUCTS_DIR}/${PRODUCT_NAME}\" \"${SRCROOT}/build/${CONFIGURATION}/${PRODUCT_NAME}\"\n    if [ \"$CONFIGURATION\" = \"Release\" ]; then\n        rm -fR \"${SRCROOT}/build/${CONFIGURATION}/${PRODUCT_NAME}.dSYM\"\n        cp -fpR \"${BUILT_PRODUCTS_DIR}/${PRODUCT_NAME}.dSYM\" \"${SRCROOT}/build/${CONFIGURATION}/${PRODUCT_NAME}.dSYM\"\n    fi\nfi\n";
		};
		DD7A737B15AD66D8004F2841 /* ShellScript */ = {
			isa = PBXShellScriptBuildPhase;
			buildActionMask = 2147483647;
			files = (
			);
			inputPaths = (
			);
			outputPaths = (
			);
			runOnlyForDeploymentPostprocessing = 0;
			shellPath = /bin/sh;
			shellScript = "mkdir -p \"${SRCROOT}/build/${CONFIGURATION}\"\nif [ \"${BUILT_PRODUCTS_DIR}/${PRODUCT_NAME}\" -nt \"${SRCROOT}/build/${CONFIGURATION}/${PRODUCT_NAME}\" ]; then\n    cp -fp \"${BUILT_PRODUCTS_DIR}/${PRODUCT_NAME}\" \"${SRCROOT}/build/${CONFIGURATION}/${PRODUCT_NAME}\"\n    if [ \"$CONFIGURATION\" = \"Release\" ]; then\n        rm -fR \"${SRCROOT}/build/${CONFIGURATION}/${PRODUCT_NAME}.dSYM\"\n        cp -fpR \"${BUILT_PRODUCTS_DIR}/${PRODUCT_NAME}.dSYM\" \"${SRCROOT}/build/${CONFIGURATION}/${PRODUCT_NAME}.dSYM\"\n    fi\nfi\n";
		};
		DD7A737C15AD66E2004F2841 /* ShellScript */ = {
			isa = PBXShellScriptBuildPhase;
			buildActionMask = 2147483647;
			files = (
			);
			inputPaths = (
			);
			outputPaths = (
			);
			runOnlyForDeploymentPostprocessing = 0;
			shellPath = /bin/sh;
			shellScript = "mkdir -p \"${SRCROOT}/build/${CONFIGURATION}\"\nif [ \"${BUILT_PRODUCTS_DIR}/${PRODUCT_NAME}\" -nt \"${SRCROOT}/build/${CONFIGURATION}/${PRODUCT_NAME}\" ]; then\n    cp -fp \"${BUILT_PRODUCTS_DIR}/${PRODUCT_NAME}\" \"${SRCROOT}/build/${CONFIGURATION}/${PRODUCT_NAME}\"\n    if [ \"$CONFIGURATION\" = \"Release\" ]; then\n        rm -fR \"${SRCROOT}/build/${CONFIGURATION}/${PRODUCT_NAME}.dSYM\"\n        cp -fpR \"${BUILT_PRODUCTS_DIR}/${PRODUCT_NAME}.dSYM\" \"${SRCROOT}/build/${CONFIGURATION}/${PRODUCT_NAME}.dSYM\"\n    fi\nfi\n";
		};
/* End PBXShellScriptBuildPhase section */

/* Begin PBXSourcesBuildPhase section */
		8DD76FAB0486AB0100D96B5E /* Sources */ = {
			isa = PBXSourcesBuildPhase;
			buildActionMask = 2147483647;
			files = (
				DD1194B20F42CB5400C2BC25 /* uc2.cpp in Sources */,
			);
			runOnlyForDeploymentPostprocessing = 0;
		};
		DD84C6A80C856B36000EBEC4 /* Sources */ = {
			isa = PBXSourcesBuildPhase;
			buildActionMask = 2147483647;
			files = (
				DD84C6A90C856B36000EBEC4 /* jcapimin.c in Sources */,
				DD84C6AA0C856B36000EBEC4 /* jcapistd.c in Sources */,
				DD84C6AB0C856B36000EBEC4 /* jccoefct.c in Sources */,
				DD84C6AC0C856B36000EBEC4 /* jccolor.c in Sources */,
				DD84C6AD0C856B36000EBEC4 /* jcdctmgr.c in Sources */,
				DD84C6AE0C856B36000EBEC4 /* jchuff.c in Sources */,
				DD84C6AF0C856B36000EBEC4 /* jcinit.c in Sources */,
				DD84C6B00C856B36000EBEC4 /* jcmainct.c in Sources */,
				DD84C6B10C856B36000EBEC4 /* jcmarker.c in Sources */,
				DD84C6B20C856B36000EBEC4 /* jcmaster.c in Sources */,
				DD84C6B30C856B36000EBEC4 /* jcomapi.c in Sources */,
				DD84C6B40C856B36000EBEC4 /* jcparam.c in Sources */,
				DD84C6B50C856B36000EBEC4 /* jcphuff.c in Sources */,
				DD84C6B60C856B36000EBEC4 /* jcprepct.c in Sources */,
				DD84C6B70C856B36000EBEC4 /* jcsample.c in Sources */,
				DD84C6B80C856B36000EBEC4 /* jctrans.c in Sources */,
				DD84C6B90C856B36000EBEC4 /* jdapimin.c in Sources */,
				DD84C6BA0C856B36000EBEC4 /* jdapistd.c in Sources */,
				DD84C6BB0C856B36000EBEC4 /* jdatadst.c in Sources */,
				DD84C6BC0C856B36000EBEC4 /* jdatasrc.c in Sources */,
				DD84C6BD0C856B36000EBEC4 /* jdcoefct.c in Sources */,
				DD84C6BE0C856B36000EBEC4 /* jdcolor.c in Sources */,
				DD84C6BF0C856B36000EBEC4 /* jddctmgr.c in Sources */,
				DD84C6C00C856B36000EBEC4 /* jdhuff.c in Sources */,
				DD84C6C10C856B36000EBEC4 /* jdinput.c in Sources */,
				DD84C6C20C856B36000EBEC4 /* jdmainct.c in Sources */,
				DD84C6C30C856B36000EBEC4 /* jdmarker.c in Sources */,
				DD84C6C40C856B36000EBEC4 /* jdmaster.c in Sources */,
				DD84C6C50C856B36000EBEC4 /* jdmerge.c in Sources */,
				DD84C6C60C856B36000EBEC4 /* jdphuff.c in Sources */,
				DD84C6C70C856B36000EBEC4 /* jdpostct.c in Sources */,
				DD84C6C80C856B36000EBEC4 /* jdsample.c in Sources */,
				DD84C6C90C856B36000EBEC4 /* jdtrans.c in Sources */,
				DD84C6CA0C856B36000EBEC4 /* jerror.c in Sources */,
				DD84C6CB0C856B36000EBEC4 /* jfdctflt.c in Sources */,
				DD84C6CC0C856B36000EBEC4 /* jfdctfst.c in Sources */,
				DD84C6CD0C856B36000EBEC4 /* jfdctint.c in Sources */,
				DD84C6CE0C856B36000EBEC4 /* jidctflt.c in Sources */,
				DD84C6CF0C856B36000EBEC4 /* jidctfst.c in Sources */,
				DD84C6D00C856B36000EBEC4 /* jidctint.c in Sources */,
				DD84C6D10C856B36000EBEC4 /* jidctred.c in Sources */,
				DD84C6D20C856B36000EBEC4 /* jmemmgr.c in Sources */,
				DD84C6D30C856B36000EBEC4 /* jmemnobs.c in Sources */,
				DD84C6D40C856B36000EBEC4 /* jquant1.c in Sources */,
				DD84C6D50C856B36000EBEC4 /* jquant2.c in Sources */,
				DD84C6D60C856B36000EBEC4 /* jutils.c in Sources */,
				DD84C6D70C856B36000EBEC4 /* rdbmp.c in Sources */,
				DD84C6D80C856B36000EBEC4 /* rdcolmap.c in Sources */,
				DD84C6D90C856B36000EBEC4 /* rdgif.c in Sources */,
				DD84C6DA0C856B36000EBEC4 /* rdppm.c in Sources */,
				DD84C6DB0C856B36000EBEC4 /* rdrle.c in Sources */,
				DD84C6DC0C856B36000EBEC4 /* rdswitch.c in Sources */,
				DD84C6DD0C856B36000EBEC4 /* rdtarga.c in Sources */,
				DD1194B00F42CB4900C2BC25 /* uc2_graphics.cpp in Sources */,
			);
			runOnlyForDeploymentPostprocessing = 0;
		};
		DDC4796615AC56CA0022401F /* Sources */ = {
			isa = PBXSourcesBuildPhase;
			buildActionMask = 2147483647;
			files = (
				DDC4796715AC56CA0022401F /* uc2.cpp in Sources */,
			);
			runOnlyForDeploymentPostprocessing = 0;
		};
		DDC4797815AC56EB0022401F /* Sources */ = {
			isa = PBXSourcesBuildPhase;
			buildActionMask = 2147483647;
			files = (
				DDC4797915AC56EB0022401F /* jcapimin.c in Sources */,
				DDC4797A15AC56EB0022401F /* jcapistd.c in Sources */,
				DDC4797B15AC56EB0022401F /* jccoefct.c in Sources */,
				DDC4797C15AC56EB0022401F /* jccolor.c in Sources */,
				DDC4797D15AC56EB0022401F /* jcdctmgr.c in Sources */,
				DDC4797E15AC56EB0022401F /* jchuff.c in Sources */,
				DDC4797F15AC56EB0022401F /* jcinit.c in Sources */,
				DDC4798015AC56EB0022401F /* jcmainct.c in Sources */,
				DDC4798115AC56EB0022401F /* jcmarker.c in Sources */,
				DDC4798215AC56EB0022401F /* jcmaster.c in Sources */,
				DDC4798315AC56EB0022401F /* jcomapi.c in Sources */,
				DDC4798415AC56EB0022401F /* jcparam.c in Sources */,
				DDC4798515AC56EB0022401F /* jcphuff.c in Sources */,
				DDC4798615AC56EB0022401F /* jcprepct.c in Sources */,
				DDC4798715AC56EB0022401F /* jcsample.c in Sources */,
				DDC4798815AC56EB0022401F /* jctrans.c in Sources */,
				DDC4798915AC56EB0022401F /* jdapimin.c in Sources */,
				DDC4798A15AC56EB0022401F /* jdapistd.c in Sources */,
				DDC4798B15AC56EB0022401F /* jdatadst.c in Sources */,
				DDC4798C15AC56EB0022401F /* jdatasrc.c in Sources */,
				DDC4798D15AC56EB0022401F /* jdcoefct.c in Sources */,
				DDC4798E15AC56EB0022401F /* jdcolor.c in Sources */,
				DDC4798F15AC56EB0022401F /* jddctmgr.c in Sources */,
				DDC4799015AC56EB0022401F /* jdhuff.c in Sources */,
				DDC4799115AC56EB0022401F /* jdinput.c in Sources */,
				DDC4799215AC56EB0022401F /* jdmainct.c in Sources */,
				DDC4799315AC56EB0022401F /* jdmarker.c in Sources */,
				DDC4799415AC56EB0022401F /* jdmaster.c in Sources */,
				DDC4799515AC56EB0022401F /* jdmerge.c in Sources */,
				DDC4799615AC56EB0022401F /* jdphuff.c in Sources */,
				DDC4799715AC56EB0022401F /* jdpostct.c in Sources */,
				DDC4799815AC56EB0022401F /* jdsample.c in Sources */,
				DDC4799915AC56EB0022401F /* jdtrans.c in Sources */,
				DDC4799A15AC56EB0022401F /* jerror.c in Sources */,
				DDC4799B15AC56EB0022401F /* jfdctflt.c in Sources */,
				DDC4799C15AC56EB0022401F /* jfdctfst.c in Sources */,
				DDC4799D15AC56EB0022401F /* jfdctint.c in Sources */,
				DDC4799E15AC56EB0022401F /* jidctflt.c in Sources */,
				DDC4799F15AC56EB0022401F /* jidctfst.c in Sources */,
				DDC479A015AC56EB0022401F /* jidctint.c in Sources */,
				DDC479A115AC56EB0022401F /* jidctred.c in Sources */,
				DDC479A215AC56EB0022401F /* jmemmgr.c in Sources */,
				DDC479A315AC56EB0022401F /* jmemnobs.c in Sources */,
				DDC479A415AC56EB0022401F /* jquant1.c in Sources */,
				DDC479A515AC56EB0022401F /* jquant2.c in Sources */,
				DDC479A615AC56EB0022401F /* jutils.c in Sources */,
				DDC479A715AC56EB0022401F /* rdbmp.c in Sources */,
				DDC479A815AC56EB0022401F /* rdcolmap.c in Sources */,
				DDC479A915AC56EB0022401F /* rdgif.c in Sources */,
				DDC479AA15AC56EB0022401F /* rdppm.c in Sources */,
				DDC479AB15AC56EB0022401F /* rdrle.c in Sources */,
				DDC479AC15AC56EB0022401F /* rdswitch.c in Sources */,
				DDC479AD15AC56EB0022401F /* rdtarga.c in Sources */,
				DDC479AE15AC56EB0022401F /* uc2_graphics.cpp in Sources */,
			);
			runOnlyForDeploymentPostprocessing = 0;
		};
/* End PBXSourcesBuildPhase section */

/* Begin PBXTargetDependency section */
		DD84C7200C856DA6000EBEC4 /* PBXTargetDependency */ = {
			isa = PBXTargetDependency;
			target = 8DD76FA90486AB0100D96B5E /* UC2-i386 */;
			targetProxy = DD84C71F0C856DA6000EBEC4 /* PBXContainerItemProxy */;
		};
		DD84C7220C856DA6000EBEC4 /* PBXTargetDependency */ = {
			isa = PBXTargetDependency;
			target = DD84C6A70C856B36000EBEC4 /* UC2Gfx-i386 */;
			targetProxy = DD84C7210C856DA6000EBEC4 /* PBXContainerItemProxy */;
		};
		DDC479BE15AC57BC0022401F /* PBXTargetDependency */ = {
			isa = PBXTargetDependency;
			target = DDC4796515AC56CA0022401F /* UC2-x86_64 */;
			targetProxy = DDC479BD15AC57BC0022401F /* PBXContainerItemProxy */;
		};
		DDC479C015AC57C40022401F /* PBXTargetDependency */ = {
			isa = PBXTargetDependency;
			target = DDC4797715AC56EB0022401F /* UC2Gfx-x86_64 */;
			targetProxy = DDC479BF15AC57C40022401F /* PBXContainerItemProxy */;
		};
/* End PBXTargetDependency section */

/* Begin XCBuildConfiguration section */
		DD6341010973C81800B1057F /* Debug */ = {
			isa = XCBuildConfiguration;
			buildSettings = {
				GCC_DYNAMIC_NO_PIC = NO;
				GCC_ENABLE_FIX_AND_CONTINUE = NO;
				GCC_INLINES_ARE_PRIVATE_EXTERN = YES;
				GCC_MODEL_TUNING = G5;
				GCC_OPTIMIZATION_LEVEL = 0;
				GCC_SYMBOLS_PRIVATE_EXTERN = YES;
				GCC_WARN_ABOUT_RETURN_TYPE = YES;
				GCC_WARN_UNUSED_VARIABLE = YES;
				HEADER_SEARCH_PATHS = "../../**";
				LIBRARY_SEARCH_PATHS = ../../mac_build/build/Development/;
				PREBINDING = NO;
				PRODUCT_NAME = "uc2_i686-apple-darwin";
				ZERO_LINK = NO;
			};
			name = Debug;
		};
		DD6341050973C81800B1057F /* Debug */ = {
			isa = XCBuildConfiguration;
			buildSettings = {
				ARCHS = "$(ARCHS_STANDARD_32_BIT_PRE_XCODE_3_1)";
				ARCHS_STANDARD_32_BIT_PRE_XCODE_3_1 = "ppc i386";
				COPY_PHASE_STRIP = NO;
				DEBUG_INFORMATION_FORMAT = dwarf;
				GCC_VERSION = com.apple.compilers.llvmgcc42;
				MACOSX_DEPLOYMENT_TARGET = 10.4;
				OTHER_CFLAGS = (
					"-DMAC_OS_X_VERSION_MAX_ALLOWED=1040",
					"-DMAC_OS_X_VERSION_MIN_REQUIRED=1040",
				);
				OTHER_LDFLAGS = (
					"-lboinc_api",
					"-lboinc",
				);
				SDKROOT = "";
				STRIP_INSTALLED_PRODUCT = NO;
			};
			name = Debug;
		};
		DD63410B0973C84A00B1057F /* Release */ = {
			isa = XCBuildConfiguration;
			buildSettings = {
				GCC_ENABLE_FIX_AND_CONTINUE = NO;
				GCC_INLINES_ARE_PRIVATE_EXTERN = YES;
				GCC_MODEL_TUNING = G5;
				GCC_SYMBOLS_PRIVATE_EXTERN = YES;
				GCC_WARN_ABOUT_RETURN_TYPE = YES;
				GCC_WARN_UNUSED_VARIABLE = YES;
				HEADER_SEARCH_PATHS = "../../**";
				LIBRARY_SEARCH_PATHS = ../../mac_build/build/Deployment/;
				PREBINDING = NO;
				PRODUCT_NAME = "uc2_i686-apple-darwin";
				ZERO_LINK = NO;
			};
			name = Release;
		};
		DD63410C0973C84A00B1057F /* Release */ = {
			isa = XCBuildConfiguration;
			buildSettings = {
				ARCHS = "$(ARCHS_STANDARD_32_BIT_PRE_XCODE_3_1)";
				ARCHS_STANDARD_32_BIT_PRE_XCODE_3_1 = "ppc i386";
				COPY_PHASE_STRIP = NO;
				DEBUG_INFORMATION_FORMAT = "dwarf-with-dsym";
				GCC_VERSION = com.apple.compilers.llvmgcc42;
				MACOSX_DEPLOYMENT_TARGET = 10.4;
				OTHER_CFLAGS = (
					"-DMAC_OS_X_VERSION_MAX_ALLOWED=1040",
					"-DMAC_OS_X_VERSION_MIN_REQUIRED=1040",
				);
				OTHER_LDFLAGS = (
					"-lboinc_api",
					"-lboinc",
				);
				SDKROOT = "";
				STRIP_INSTALLED_PRODUCT = YES;
			};
			name = Release;
		};
		DD84C6E70C856B36000EBEC4 /* Debug */ = {
			isa = XCBuildConfiguration;
			buildSettings = {
				GCC_DYNAMIC_NO_PIC = NO;
				GCC_ENABLE_FIX_AND_CONTINUE = NO;
				GCC_INLINES_ARE_PRIVATE_EXTERN = YES;
				GCC_MODEL_TUNING = G5;
				GCC_OPTIMIZATION_LEVEL = 0;
				GCC_SYMBOLS_PRIVATE_EXTERN = YES;
				GCC_WARN_ABOUT_RETURN_TYPE = YES;
				GCC_WARN_UNUSED_VARIABLE = YES;
				HEADER_SEARCH_PATHS = "../../**";
				INSTALL_PATH = "$(HOME)/bin";
				LIBRARY_SEARCH_PATHS = ../../mac_build/build/Development/;
				OTHER_CFLAGS = (
					"-DMAC_OS_X_VERSION_MAX_ALLOWED=1040",
					"-DMAC_OS_X_VERSION_MIN_REQUIRED=1040",
					"-DHAVE_STDLIB_H",
				);
				OTHER_LDFLAGS = (
					"-lboinc_api",
					"-lboinc_graphics2",
					"-lboinc",
				);
				PREBINDING = NO;
				PRODUCT_NAME = "uc2_graphics_i686-apple-darwin";
				ZERO_LINK = NO;
			};
			name = Debug;
		};
		DD84C6E90C856B36000EBEC4 /* Release */ = {
			isa = XCBuildConfiguration;
			buildSettings = {
				GCC_ENABLE_FIX_AND_CONTINUE = NO;
				GCC_INLINES_ARE_PRIVATE_EXTERN = YES;
				GCC_MODEL_TUNING = G5;
				GCC_SYMBOLS_PRIVATE_EXTERN = YES;
				GCC_WARN_ABOUT_RETURN_TYPE = YES;
				GCC_WARN_UNUSED_VARIABLE = YES;
				HEADER_SEARCH_PATHS = "../../**";
				INSTALL_PATH = "$(HOME)/bin";
				LIBRARY_SEARCH_PATHS = ../../mac_build/build/Deployment/;
				OTHER_CFLAGS = (
					"-DMAC_OS_X_VERSION_MAX_ALLOWED=1040",
					"-DMAC_OS_X_VERSION_MIN_REQUIRED=1040",
					"-DHAVE_STDLIB_H",
				);
				OTHER_LDFLAGS = (
					"-lboinc_api",
					"-lboinc_graphics2",
					"-lboinc",
				);
				PREBINDING = NO;
				PRODUCT_NAME = "uc2_graphics_i686-apple-darwin";
				ZERO_LINK = NO;
			};
			name = Release;
		};
		DD84C7290C856DBB000EBEC4 /* Debug */ = {
			isa = XCBuildConfiguration;
			buildSettings = {
				COPY_PHASE_STRIP = NO;
				GCC_DYNAMIC_NO_PIC = NO;
				GCC_GENERATE_DEBUGGING_SYMBOLS = YES;
				GCC_OPTIMIZATION_LEVEL = 0;
				PRODUCT_NAME = Build_All;
			};
			name = Debug;
		};
		DD84C72B0C856DBB000EBEC4 /* Release */ = {
			isa = XCBuildConfiguration;
			buildSettings = {
				PRODUCT_NAME = Build_All;
			};
			name = Release;
		};
		DDC4797215AC56CA0022401F /* Debug */ = {
			isa = XCBuildConfiguration;
			buildSettings = {
				ARCHS = "$(ARCHS_STANDARD_64_BIT_PRE_XCODE_3_1)";
				ARCHS_STANDARD_64_BIT_PRE_XCODE_3_1 = x86_64;
				GCC_DYNAMIC_NO_PIC = NO;
				GCC_ENABLE_FIX_AND_CONTINUE = NO;
				GCC_INLINES_ARE_PRIVATE_EXTERN = YES;
				GCC_MODEL_TUNING = G5;
				GCC_OPTIMIZATION_LEVEL = 0;
				GCC_SYMBOLS_PRIVATE_EXTERN = YES;
				GCC_WARN_ABOUT_RETURN_TYPE = YES;
				GCC_WARN_UNUSED_VARIABLE = YES;
				HEADER_SEARCH_PATHS = "../../**";
				LIBRARY_SEARCH_PATHS = ../../mac_build/build/Development/;
				PREBINDING = NO;
				PRODUCT_NAME = "UC2_x86_64-apple-darwin";
				ZERO_LINK = NO;
			};
			name = Debug;
		};
		DDC4797315AC56CA0022401F /* Release */ = {
			isa = XCBuildConfiguration;
			buildSettings = {
				ARCHS = "$(ARCHS_STANDARD_64_BIT_PRE_XCODE_3_1)";
				ARCHS_STANDARD_64_BIT_PRE_XCODE_3_1 = x86_64;
				GCC_ENABLE_FIX_AND_CONTINUE = NO;
				GCC_INLINES_ARE_PRIVATE_EXTERN = YES;
				GCC_MODEL_TUNING = G5;
				GCC_SYMBOLS_PRIVATE_EXTERN = YES;
				GCC_WARN_ABOUT_RETURN_TYPE = YES;
				GCC_WARN_UNUSED_VARIABLE = YES;
				HEADER_SEARCH_PATHS = "../../**";
				LIBRARY_SEARCH_PATHS = ../../mac_build/build/Deployment/;
				PREBINDING = NO;
				PRODUCT_NAME = "UC2_x86_64-apple-darwin";
				ZERO_LINK = NO;
			};
			name = Release;
		};
		DDC479B815AC56EB0022401F /* Debug */ = {
			isa = XCBuildConfiguration;
			buildSettings = {
				ARCHS = "$(ARCHS_STANDARD_64_BIT_PRE_XCODE_3_1)";
				ARCHS_STANDARD_64_BIT_PRE_XCODE_3_1 = x86_64;
				GCC_DYNAMIC_NO_PIC = NO;
				GCC_ENABLE_FIX_AND_CONTINUE = NO;
				GCC_INLINES_ARE_PRIVATE_EXTERN = YES;
				GCC_MODEL_TUNING = G5;
				GCC_OPTIMIZATION_LEVEL = 0;
				GCC_SYMBOLS_PRIVATE_EXTERN = YES;
				GCC_WARN_ABOUT_RETURN_TYPE = YES;
				GCC_WARN_UNUSED_VARIABLE = YES;
				HEADER_SEARCH_PATHS = "../../**";
				INSTALL_PATH = "$(HOME)/bin";
				LIBRARY_SEARCH_PATHS = ../../mac_build/build/Development/;
				OTHER_CFLAGS = (
					"-DMAC_OS_X_VERSION_MAX_ALLOWED=1040",
					"-DMAC_OS_X_VERSION_MIN_REQUIRED=1040",
					"-DHAVE_STDLIB_H",
				);
				OTHER_LDFLAGS = (
					"-lboinc_api",
					"-lboinc_graphics2",
					"-lboinc",
				);
				PREBINDING = NO;
				PRODUCT_NAME = "UC2_graphics_x86_64-apple-darwin";
				ZERO_LINK = NO;
			};
			name = Debug;
		};
		DDC479B915AC56EB0022401F /* Release */ = {
			isa = XCBuildConfiguration;
			buildSettings = {
				ARCHS = "$(ARCHS_STANDARD_64_BIT_PRE_XCODE_3_1)";
				ARCHS_STANDARD_64_BIT_PRE_XCODE_3_1 = x86_64;
				GCC_ENABLE_FIX_AND_CONTINUE = NO;
				GCC_INLINES_ARE_PRIVATE_EXTERN = YES;
				GCC_MODEL_TUNING = G5;
				GCC_SYMBOLS_PRIVATE_EXTERN = YES;
				GCC_WARN_ABOUT_RETURN_TYPE = YES;
				GCC_WARN_UNUSED_VARIABLE = YES;
				HEADER_SEARCH_PATHS = "../../**";
				INSTALL_PATH = "$(HOME)/bin";
				LIBRARY_SEARCH_PATHS = ../../mac_build/build/Deployment/;
				OTHER_CFLAGS = (
					"-DMAC_OS_X_VERSION_MAX_ALLOWED=1040",
					"-DMAC_OS_X_VERSION_MIN_REQUIRED=1040",
					"-DHAVE_STDLIB_H",
				);
				OTHER_LDFLAGS = (
					"-lboinc_api",
					"-lboinc_graphics2",
					"-lboinc",
				);
				PREBINDING = NO;
				PRODUCT_NAME = "UC2_graphics_x86_64-apple-darwin";
				ZERO_LINK = NO;
			};
			name = Release;
		};
/* End XCBuildConfiguration section */

/* Begin XCConfigurationList section */
		DD6341000973C81800B1057F /* Build configuration list for PBXNativeTarget "UC2-i386" */ = {
			isa = XCConfigurationList;
			buildConfigurations = (
				DD6341010973C81800B1057F /* Debug */,
				DD63410B0973C84A00B1057F /* Release */,
			);
			defaultConfigurationIsVisible = 0;
			defaultConfigurationName = Debug;
		};
		DD6341040973C81800B1057F /* Build configuration list for PBXProject "UpperCase2" */ = {
			isa = XCConfigurationList;
			buildConfigurations = (
				DD6341050973C81800B1057F /* Debug */,
				DD63410C0973C84A00B1057F /* Release */,
			);
			defaultConfigurationIsVisible = 0;
			defaultConfigurationName = Debug;
		};
		DD84C6E60C856B36000EBEC4 /* Build configuration list for PBXNativeTarget "UC2Gfx-i386" */ = {
			isa = XCConfigurationList;
			buildConfigurations = (
				DD84C6E70C856B36000EBEC4 /* Debug */,
				DD84C6E90C856B36000EBEC4 /* Release */,
			);
			defaultConfigurationIsVisible = 0;
			defaultConfigurationName = Debug;
		};
		DD84C7280C856DBB000EBEC4 /* Build configuration list for PBXAggregateTarget "Build_All" */ = {
			isa = XCConfigurationList;
			buildConfigurations = (
				DD84C7290C856DBB000EBEC4 /* Debug */,
				DD84C72B0C856DBB000EBEC4 /* Release */,
			);
			defaultConfigurationIsVisible = 0;
			defaultConfigurationName = Debug;
		};
		DDC4797115AC56CA0022401F /* Build configuration list for PBXNativeTarget "UC2-x86_64" */ = {
			isa = XCConfigurationList;
			buildConfigurations = (
				DDC4797215AC56CA0022401F /* Debug */,
				DDC4797315AC56CA0022401F /* Release */,
			);
			defaultConfigurationIsVisible = 0;
			defaultConfigurationName = Debug;
		};
		DDC479B715AC56EB0022401F /* Build configuration list for PBXNativeTarget "UC2Gfx-x86_64" */ = {
			isa = XCConfigurationList;
			buildConfigurations = (
				DDC479B815AC56EB0022401F /* Debug */,
				DDC479B915AC56EB0022401F /* Release */,
			);
			defaultConfigurationIsVisible = 0;
			defaultConfigurationName = Debug;
		};
/* End XCConfigurationList section */
	};
	rootObject = 08FB7793FE84155DC02AAC07 /* Project object */;
}
