// !$*UTF8*$!
{
	archiveVersion = 1;
	classes = {
	};
	objectVersion = 54;
	objects = {

/* Begin PBXAggregateTarget section */
		DD84C71E0C856D9E000EBEC4 /* Build_All */ = {
			isa = PBXAggregateTarget;
			buildConfigurationList = DD84C7280C856DBB000EBEC4 /* Build configuration list for PBXAggregateTarget "Build_All" */;
			buildPhases = (
			);
			dependencies = (
				DDC479C015AC57C40022401F /* PBXTargetDependency */,
				DDC479BE15AC57BC0022401F /* PBXTargetDependency */,
				DD5937AB164D1759001D94A5 /* PBXTargetDependency */,
			);
			name = Build_All;
			productName = Build_All;
		};
/* End PBXAggregateTarget section */

/* Begin PBXBuildFile section */
		DD59379F164D16CE001D94A5 /* slide_show.cpp in Sources */ = {isa = PBXBuildFile; fileRef = DD08CB6F164CAC1A005B47DD /* slide_show.cpp */; };
		DD5937A1164D16CE001D94A5 /* GLUT.framework in Frameworks */ = {isa = PBXBuildFile; fileRef = DD760E66094E56DB002CACC4 /* GLUT.framework */; };
		DD5937A2164D16CE001D94A5 /* OpenGL.framework in Frameworks */ = {isa = PBXBuildFile; fileRef = DD760E67094E56DB002CACC4 /* OpenGL.framework */; };
		DD5937A3164D16CE001D94A5 /* AppKit.framework in Frameworks */ = {isa = PBXBuildFile; fileRef = DD760E65094E56DB002CACC4 /* AppKit.framework */; };
		DDC4796715AC56CA0022401F /* uc2.cpp in Sources */ = {isa = PBXBuildFile; fileRef = DD1194B10F42CB5400C2BC25 /* uc2.cpp */; };
		DDC4796915AC56CA0022401F /* AppKit.framework in Frameworks */ = {isa = PBXBuildFile; fileRef = DD760E65094E56DB002CACC4 /* AppKit.framework */; };
		DDC4796A15AC56CA0022401F /* GLUT.framework in Frameworks */ = {isa = PBXBuildFile; fileRef = DD760E66094E56DB002CACC4 /* GLUT.framework */; };
		DDC4796B15AC56CA0022401F /* OpenGL.framework in Frameworks */ = {isa = PBXBuildFile; fileRef = DD760E67094E56DB002CACC4 /* OpenGL.framework */; };
		DDC479AE15AC56EB0022401F /* uc2_graphics.cpp in Sources */ = {isa = PBXBuildFile; fileRef = DD1194AF0F42CB4900C2BC25 /* uc2_graphics.cpp */; };
		DDC479B015AC56EB0022401F /* AppKit.framework in Frameworks */ = {isa = PBXBuildFile; fileRef = DD760E65094E56DB002CACC4 /* AppKit.framework */; };
		DDC479B115AC56EB0022401F /* GLUT.framework in Frameworks */ = {isa = PBXBuildFile; fileRef = DD760E66094E56DB002CACC4 /* GLUT.framework */; };
		DDC479B215AC56EB0022401F /* OpenGL.framework in Frameworks */ = {isa = PBXBuildFile; fileRef = DD760E67094E56DB002CACC4 /* OpenGL.framework */; };
		DDDE391624600EAF005FCEFA /* IOSurface.framework in Frameworks */ = {isa = PBXBuildFile; fileRef = DDDE391524600EAF005FCEFA /* IOSurface.framework */; };
		DDDE391724600EE9005FCEFA /* IOSurface.framework in Frameworks */ = {isa = PBXBuildFile; fileRef = DDDE391524600EAF005FCEFA /* IOSurface.framework */; };
		DDF8050615CB9C75005473CC /* ttfont.cpp in Sources */ = {isa = PBXBuildFile; fileRef = DDF8050315CB9C75005473CC /* ttfont.cpp */; };
/* End PBXBuildFile section */

/* Begin PBXContainerItemProxy section */
		DD5937AA164D1759001D94A5 /* PBXContainerItemProxy */ = {
			isa = PBXContainerItemProxy;
			containerPortal = 08FB7793FE84155DC02AAC07 /* Project object */;
			proxyType = 1;
			remoteGlobalIDString = DD59379D164D16CE001D94A5;
			remoteInfo = "slide_show-x86_64";
		};
		DDC479BD15AC57BC0022401F /* PBXContainerItemProxy */ = {
			isa = PBXContainerItemProxy;
			containerPortal = 08FB7793FE84155DC02AAC07 /* Project object */;
			proxyType = 1;
			remoteGlobalIDString = DDC4796515AC56CA0022401F;
			remoteInfo = "UC2-x86_64";
		};
		DDC479BF15AC57C40022401F /* PBXContainerItemProxy */ = {
			isa = PBXContainerItemProxy;
			containerPortal = 08FB7793FE84155DC02AAC07 /* Project object */;
			proxyType = 1;
			remoteGlobalIDString = DDC4797715AC56EB0022401F;
			remoteInfo = "UC2Gfx-x86_64";
		};
/* End PBXContainerItemProxy section */

/* Begin PBXFileReference section */
		DD08CB6F164CAC1A005B47DD /* slide_show.cpp */ = {isa = PBXFileReference; fileEncoding = 4; lastKnownFileType = sourcecode.cpp.cpp; name = slide_show.cpp; path = ../example_app/slide_show.cpp; sourceTree = "<group>"; };
		DD1194AE0F42CAF400C2BC25 /* checkin_notes_samples */ = {isa = PBXFileReference; fileEncoding = 4; lastKnownFileType = text; name = checkin_notes_samples; path = ../../checkin_notes_samples; sourceTree = SOURCE_ROOT; };
		DD1194AF0F42CB4900C2BC25 /* uc2_graphics.cpp */ = {isa = PBXFileReference; fileEncoding = 4; lastKnownFileType = sourcecode.cpp.cpp; name = uc2_graphics.cpp; path = ../example_app/uc2_graphics.cpp; sourceTree = SOURCE_ROOT; };
		DD1194B10F42CB5400C2BC25 /* uc2.cpp */ = {isa = PBXFileReference; fileEncoding = 4; lastKnownFileType = sourcecode.cpp.cpp; name = uc2.cpp; path = ../example_app/uc2.cpp; sourceTree = SOURCE_ROOT; };
		DD5937A8164D16CE001D94A5 /* slide_show-apple-darwin */ = {isa = PBXFileReference; explicitFileType = "compiled.mach-o.executable"; includeInIndex = 0; path = "slide_show-apple-darwin"; sourceTree = BUILT_PRODUCTS_DIR; };
		DD760E65094E56DB002CACC4 /* AppKit.framework */ = {isa = PBXFileReference; lastKnownFileType = wrapper.framework; name = AppKit.framework; path = /System/Library/Frameworks/AppKit.framework; sourceTree = "<absolute>"; };
		DD760E66094E56DB002CACC4 /* GLUT.framework */ = {isa = PBXFileReference; lastKnownFileType = wrapper.framework; name = GLUT.framework; path = /System/Library/Frameworks/GLUT.framework; sourceTree = "<absolute>"; };
		DD760E67094E56DB002CACC4 /* OpenGL.framework */ = {isa = PBXFileReference; lastKnownFileType = wrapper.framework; name = OpenGL.framework; path = /System/Library/Frameworks/OpenGL.framework; sourceTree = "<absolute>"; };
		DD84C6F90C856C0E000EBEC4 /* uc2.h */ = {isa = PBXFileReference; fileEncoding = 30; lastKnownFileType = sourcecode.c.h; name = uc2.h; path = ../example_app/uc2.h; sourceTree = SOURCE_ROOT; };
		DDC4797515AC56CA0022401F /* UC2-apple-darwin */ = {isa = PBXFileReference; explicitFileType = "compiled.mach-o.executable"; includeInIndex = 0; path = "UC2-apple-darwin"; sourceTree = BUILT_PRODUCTS_DIR; };
		DDC479BB15AC56EB0022401F /* UC2_graphics-apple-darwin */ = {isa = PBXFileReference; explicitFileType = "compiled.mach-o.executable"; includeInIndex = 0; path = "UC2_graphics-apple-darwin"; sourceTree = BUILT_PRODUCTS_DIR; };
		DDDE391524600EAF005FCEFA /* IOSurface.framework */ = {isa = PBXFileReference; lastKnownFileType = wrapper.framework; name = IOSurface.framework; path = ../../../../../../System/Library/Frameworks/IOSurface.framework; sourceTree = "<group>"; };
		DDF8050315CB9C75005473CC /* ttfont.cpp */ = {isa = PBXFileReference; fileEncoding = 4; lastKnownFileType = sourcecode.cpp.cpp; name = ttfont.cpp; path = ../../api/ttfont.cpp; sourceTree = "<group>"; };
		DDF8050415CB9C75005473CC /* ttfont.h */ = {isa = PBXFileReference; fileEncoding = 4; lastKnownFileType = sourcecode.c.h; name = ttfont.h; path = ../../api/ttfont.h; sourceTree = "<group>"; };
/* End PBXFileReference section */

/* Begin PBXFrameworksBuildPhase section */
		DD5937A0164D16CE001D94A5 /* Frameworks */ = {
			isa = PBXFrameworksBuildPhase;
			buildActionMask = 2147483647;
			files = (
				DDDE391624600EAF005FCEFA /* IOSurface.framework in Frameworks */,
				DD5937A1164D16CE001D94A5 /* GLUT.framework in Frameworks */,
				DD5937A2164D16CE001D94A5 /* OpenGL.framework in Frameworks */,
				DD5937A3164D16CE001D94A5 /* AppKit.framework in Frameworks */,
			);
			runOnlyForDeploymentPostprocessing = 0;
		};
		DDC4796815AC56CA0022401F /* Frameworks */ = {
			isa = PBXFrameworksBuildPhase;
			buildActionMask = 2147483647;
			files = (
				DDC4796915AC56CA0022401F /* AppKit.framework in Frameworks */,
				DDC4796A15AC56CA0022401F /* GLUT.framework in Frameworks */,
				DDC4796B15AC56CA0022401F /* OpenGL.framework in Frameworks */,
			);
			runOnlyForDeploymentPostprocessing = 0;
		};
		DDC479AF15AC56EB0022401F /* Frameworks */ = {
			isa = PBXFrameworksBuildPhase;
			buildActionMask = 2147483647;
			files = (
				DDDE391724600EE9005FCEFA /* IOSurface.framework in Frameworks */,
				DDC479B015AC56EB0022401F /* AppKit.framework in Frameworks */,
				DDC479B115AC56EB0022401F /* GLUT.framework in Frameworks */,
				DDC479B215AC56EB0022401F /* OpenGL.framework in Frameworks */,
			);
			runOnlyForDeploymentPostprocessing = 0;
		};
/* End PBXFrameworksBuildPhase section */

/* Begin PBXGroup section */
		08FB7794FE84155DC02AAC07 /* UpperCase */ = {
			isa = PBXGroup;
			children = (
				DD00F81309EBAD960024857D /* Documentation */,
				08FB7795FE84155DC02AAC07 /* Source */,
				DD760E5E094E5663002CACC4 /* External Frameworks and Libraries */,
				1AB674ADFE9D54B511CA2CBB /* Products */,
			);
			name = UpperCase;
			sourceTree = "<group>";
		};
		08FB7795FE84155DC02AAC07 /* Source */ = {
			isa = PBXGroup;
			children = (
				DD1194AF0F42CB4900C2BC25 /* uc2_graphics.cpp */,
				DD1194B10F42CB5400C2BC25 /* uc2.cpp */,
				DD84C6F90C856C0E000EBEC4 /* uc2.h */,
				DD08CB6F164CAC1A005B47DD /* slide_show.cpp */,
				DDF8050715CB9C88005473CC /* api */,
			);
			name = Source;
			sourceTree = "<group>";
		};
		1AB674ADFE9D54B511CA2CBB /* Products */ = {
			isa = PBXGroup;
			children = (
				DDC4797515AC56CA0022401F /* UC2-apple-darwin */,
				DDC479BB15AC56EB0022401F /* UC2_graphics-apple-darwin */,
				DD5937A8164D16CE001D94A5 /* slide_show-apple-darwin */,
			);
			name = Products;
			sourceTree = "<group>";
		};
		DD00F81309EBAD960024857D /* Documentation */ = {
			isa = PBXGroup;
			children = (
				DD1194AE0F42CAF400C2BC25 /* checkin_notes_samples */,
			);
			name = Documentation;
			sourceTree = "<group>";
		};
		DD760E5E094E5663002CACC4 /* External Frameworks and Libraries */ = {
			isa = PBXGroup;
			children = (
				DD760E65094E56DB002CACC4 /* AppKit.framework */,
				DD760E66094E56DB002CACC4 /* GLUT.framework */,
				DD760E67094E56DB002CACC4 /* OpenGL.framework */,
				DDDE391524600EAF005FCEFA /* IOSurface.framework */,
			);
			name = "External Frameworks and Libraries";
			sourceTree = "<group>";
		};
		DDF8050715CB9C88005473CC /* api */ = {
			isa = PBXGroup;
			children = (
				DDF8050415CB9C75005473CC /* ttfont.h */,
				DDF8050315CB9C75005473CC /* ttfont.cpp */,
			);
			name = api;
			sourceTree = "<group>";
		};
/* End PBXGroup section */

/* Begin PBXNativeTarget section */
		DD59379D164D16CE001D94A5 /* slide_show */ = {
			isa = PBXNativeTarget;
			buildConfigurationList = DD5937A5164D16CE001D94A5 /* Build configuration list for PBXNativeTarget "slide_show" */;
			buildPhases = (
				DD59379E164D16CE001D94A5 /* Sources */,
				DD5937A0164D16CE001D94A5 /* Frameworks */,
				DD5937A4164D16CE001D94A5 /* ShellScript */,
			);
			buildRules = (
			);
			dependencies = (
			);
			name = slide_show;
			productName = slide_show;
			productReference = DD5937A8164D16CE001D94A5 /* slide_show-apple-darwin */;
			productType = "com.apple.product-type.tool";
		};
		DDC4796515AC56CA0022401F /* UC2 */ = {
			isa = PBXNativeTarget;
			buildConfigurationList = DDC4797115AC56CA0022401F /* Build configuration list for PBXNativeTarget "UC2" */;
			buildPhases = (
				DDC4796615AC56CA0022401F /* Sources */,
				DDC4796815AC56CA0022401F /* Frameworks */,
				DD7A737B15AD66D8004F2841 /* ShellScript */,
			);
			buildRules = (
			);
			dependencies = (
			);
			name = UC2;
			productInstallPath = "$(HOME)/bin";
			productName = UpperCase;
			productReference = DDC4797515AC56CA0022401F /* UC2-apple-darwin */;
			productType = "com.apple.product-type.tool";
		};
		DDC4797715AC56EB0022401F /* UC2Gfx */ = {
			isa = PBXNativeTarget;
			buildConfigurationList = DDC479B715AC56EB0022401F /* Build configuration list for PBXNativeTarget "UC2Gfx" */;
			buildPhases = (
				DDC4797815AC56EB0022401F /* Sources */,
				DDC479AF15AC56EB0022401F /* Frameworks */,
				DD7A737C15AD66E2004F2841 /* ShellScript */,
			);
			buildRules = (
			);
			dependencies = (
			);
			name = UC2Gfx;
			productInstallPath = "$(HOME)/bin";
			productName = UpperCase;
			productReference = DDC479BB15AC56EB0022401F /* UC2_graphics-apple-darwin */;
			productType = "com.apple.product-type.tool";
		};
/* End PBXNativeTarget section */

/* Begin PBXProject section */
		08FB7793FE84155DC02AAC07 /* Project object */ = {
			isa = PBXProject;
			attributes = {
				BuildIndependentTargetsInParallel = YES;
			};
			buildConfigurationList = DD6341040973C81800B1057F /* Build configuration list for PBXProject "UpperCase2" */;
			compatibilityVersion = "Xcode 2.4";
			developmentRegion = English;
			hasScannedForEncodings = 1;
			knownRegions = (
				English,
				Japanese,
				French,
				German,
			);
			mainGroup = 08FB7794FE84155DC02AAC07 /* UpperCase */;
			projectDirPath = "";
			projectRoot = "";
			targets = (
				DD84C71E0C856D9E000EBEC4 /* Build_All */,
				DDC4796515AC56CA0022401F /* UC2 */,
				DDC4797715AC56EB0022401F /* UC2Gfx */,
				DD59379D164D16CE001D94A5 /* slide_show */,
			);
		};
/* End PBXProject section */

/* Begin PBXShellScriptBuildPhase section */
		DD5937A4164D16CE001D94A5 /* ShellScript */ = {
			isa = PBXShellScriptBuildPhase;
			alwaysOutOfDate = 1;
			buildActionMask = 2147483647;
			files = (
			);
			inputPaths = (
			);
			outputPaths = (
			);
			runOnlyForDeploymentPostprocessing = 0;
			shellPath = /bin/sh;
			shellScript = "mkdir -p \"${SRCROOT}/build/${CONFIGURATION}\"\nif [ \"${BUILT_PRODUCTS_DIR}/${PRODUCT_NAME}\" -nt \"${SRCROOT}/build/${CONFIGURATION}/${PRODUCT_NAME}\" ]; then\n    cp -fp \"${BUILT_PRODUCTS_DIR}/${PRODUCT_NAME}\" \"${SRCROOT}/build/${CONFIGURATION}/${PRODUCT_NAME}\"\n    if [ \"$CONFIGURATION\" = \"Deployment\" ]; then\n        rm -fR \"${SRCROOT}/build/${CONFIGURATION}/${PRODUCT_NAME}.dSYM\"\n        cp -fpR \"${BUILT_PRODUCTS_DIR}/${PRODUCT_NAME}.dSYM\" \"${SRCROOT}/build/${CONFIGURATION}/${PRODUCT_NAME}.dSYM\"\n    fi\nfi\n";
		};
		DD7A737B15AD66D8004F2841 /* ShellScript */ = {
			isa = PBXShellScriptBuildPhase;
			alwaysOutOfDate = 1;
			buildActionMask = 2147483647;
			files = (
			);
			inputPaths = (
			);
			outputPaths = (
			);
			runOnlyForDeploymentPostprocessing = 0;
			shellPath = /bin/sh;
			shellScript = "mkdir -p \"${SRCROOT}/build/${CONFIGURATION}\"\nif [ \"${BUILT_PRODUCTS_DIR}/${PRODUCT_NAME}\" -nt \"${SRCROOT}/build/${CONFIGURATION}/${PRODUCT_NAME}\" ]; then\n    cp -fp \"${BUILT_PRODUCTS_DIR}/${PRODUCT_NAME}\" \"${SRCROOT}/build/${CONFIGURATION}/${PRODUCT_NAME}\"\n    if [ \"$CONFIGURATION\" = \"Deployment\" ]; then\n        rm -fR \"${SRCROOT}/build/${CONFIGURATION}/${PRODUCT_NAME}.dSYM\"\n        cp -fpR \"${BUILT_PRODUCTS_DIR}/${PRODUCT_NAME}.dSYM\" \"${SRCROOT}/build/${CONFIGURATION}/${PRODUCT_NAME}.dSYM\"\n    fi\nfi\n";
		};
		DD7A737C15AD66E2004F2841 /* ShellScript */ = {
			isa = PBXShellScriptBuildPhase;
			alwaysOutOfDate = 1;
			buildActionMask = 2147483647;
			files = (
			);
			inputPaths = (
			);
			outputPaths = (
			);
			runOnlyForDeploymentPostprocessing = 0;
			shellPath = /bin/sh;
			shellScript = "mkdir -p \"${SRCROOT}/build/${CONFIGURATION}\"\nif [ \"${BUILT_PRODUCTS_DIR}/${PRODUCT_NAME}\" -nt \"${SRCROOT}/build/${CONFIGURATION}/${PRODUCT_NAME}\" ]; then\n    cp -fp \"${BUILT_PRODUCTS_DIR}/${PRODUCT_NAME}\" \"${SRCROOT}/build/${CONFIGURATION}/${PRODUCT_NAME}\"\n    if [ \"$CONFIGURATION\" = \"Deployment\" ]; then\n        rm -fR \"${SRCROOT}/build/${CONFIGURATION}/${PRODUCT_NAME}.dSYM\"\n        cp -fpR \"${BUILT_PRODUCTS_DIR}/${PRODUCT_NAME}.dSYM\" \"${SRCROOT}/build/${CONFIGURATION}/${PRODUCT_NAME}.dSYM\"\n    fi\nfi\n";
		};
/* End PBXShellScriptBuildPhase section */

/* Begin PBXSourcesBuildPhase section */
		DD59379E164D16CE001D94A5 /* Sources */ = {
			isa = PBXSourcesBuildPhase;
			buildActionMask = 2147483647;
			files = (
				DD59379F164D16CE001D94A5 /* slide_show.cpp in Sources */,
			);
			runOnlyForDeploymentPostprocessing = 0;
		};
		DDC4796615AC56CA0022401F /* Sources */ = {
			isa = PBXSourcesBuildPhase;
			buildActionMask = 2147483647;
			files = (
				DDC4796715AC56CA0022401F /* uc2.cpp in Sources */,
			);
			runOnlyForDeploymentPostprocessing = 0;
		};
		DDC4797815AC56EB0022401F /* Sources */ = {
			isa = PBXSourcesBuildPhase;
			buildActionMask = 2147483647;
			files = (
				DDC479AE15AC56EB0022401F /* uc2_graphics.cpp in Sources */,
				DDF8050615CB9C75005473CC /* ttfont.cpp in Sources */,
			);
			runOnlyForDeploymentPostprocessing = 0;
		};
/* End PBXSourcesBuildPhase section */

/* Begin PBXTargetDependency section */
		DD5937AB164D1759001D94A5 /* PBXTargetDependency */ = {
			isa = PBXTargetDependency;
			target = DD59379D164D16CE001D94A5 /* slide_show */;
			targetProxy = DD5937AA164D1759001D94A5 /* PBXContainerItemProxy */;
		};
		DDC479BE15AC57BC0022401F /* PBXTargetDependency */ = {
			isa = PBXTargetDependency;
			target = DDC4796515AC56CA0022401F /* UC2 */;
			targetProxy = DDC479BD15AC57BC0022401F /* PBXContainerItemProxy */;
		};
		DDC479C015AC57C40022401F /* PBXTargetDependency */ = {
			isa = PBXTargetDependency;
			target = DDC4797715AC56EB0022401F /* UC2Gfx */;
			targetProxy = DDC479BF15AC57C40022401F /* PBXContainerItemProxy */;
		};
/* End PBXTargetDependency section */

/* Begin XCBuildConfiguration section */
		DD5937A6164D16CE001D94A5 /* Development */ = {
			isa = XCBuildConfiguration;
			buildSettings = {
				CLANG_CXX_LANGUAGE_STANDARD = "gnu++0x";
				CLANG_WARN__DUPLICATE_METHOD_MATCH = YES;
				FRAMEWORK_SEARCH_PATHS = (
					"$(inherited)",
					"$(PROJECT_DIR)",
				);
				GCC_CHAR_IS_UNSIGNED_CHAR = YES;
				GCC_C_LANGUAGE_STANDARD = gnu99;
				GCC_DYNAMIC_NO_PIC = NO;
				GCC_ENABLE_OBJC_EXCEPTIONS = YES;
				GCC_OPTIMIZATION_LEVEL = 0;
				GCC_PREPROCESSOR_DEFINITIONS = (
					"DEBUG=1",
					"$(inherited)",
				);
				GCC_WARN_64_TO_32_BIT_CONVERSION = YES;
				GCC_WARN_ABOUT_RETURN_TYPE = YES;
				GCC_WARN_UNINITIALIZED_AUTOS = YES;
				GCC_WARN_UNUSED_VARIABLE = YES;
				HEADER_SEARCH_PATHS = (
					../..,
					../../lib,
					../../api,
					../../zip,
					../../clientgui/mac,
					../../../libzip/lib,
				);
				LIBRARY_SEARCH_PATHS = (
					../../mac_build/build/Deployment/,
					../../../libzip/lib,
				);
				OTHER_LDFLAGS = (
					"-lboinc_api",
					"-lboinc_graphics2",
					"-lboinc",
					"-ljpeg",
					"-lboinc_zip",
					"-lzip",
					"-lz",
				);
				PRODUCT_NAME = "slide_show-apple-darwin";
			};
			name = Development;
		};
		DD5937A7164D16CE001D94A5 /* Deployment */ = {
			isa = XCBuildConfiguration;
			buildSettings = {
				CLANG_CXX_LANGUAGE_STANDARD = "gnu++0x";
				CLANG_WARN__DUPLICATE_METHOD_MATCH = YES;
				COPY_PHASE_STRIP = YES;
				FRAMEWORK_SEARCH_PATHS = (
					"$(inherited)",
					"$(PROJECT_DIR)",
				);
				GCC_CHAR_IS_UNSIGNED_CHAR = YES;
				GCC_C_LANGUAGE_STANDARD = gnu99;
				GCC_ENABLE_OBJC_EXCEPTIONS = YES;
				GCC_WARN_64_TO_32_BIT_CONVERSION = YES;
				GCC_WARN_ABOUT_RETURN_TYPE = YES;
				GCC_WARN_UNINITIALIZED_AUTOS = YES;
				GCC_WARN_UNUSED_VARIABLE = YES;
				HEADER_SEARCH_PATHS = (
					../..,
					../../lib,
					../../api,
					../../zip,
					../../clientgui/mac,
					../../../libzip/lib,
				);
				LIBRARY_SEARCH_PATHS = (
					../../mac_build/build/Deployment/,
					../../../libzip/lib,
				);
				OTHER_LDFLAGS = (
					"-lboinc_api",
					"-lboinc_graphics2",
					"-lboinc",
					"-ljpeg",
					"-lboinc_zip",
					"-lzip",
					"-lz",
				);
				PRODUCT_NAME = "slide_show-apple-darwin";
			};
			name = Deployment;
		};
		DD6341050973C81800B1057F /* Development */ = {
			isa = XCBuildConfiguration;
			buildSettings = {
				ALWAYS_SEARCH_USER_PATHS = NO;
				ARCHS = "$(ARCHS_STANDARD)";
				COPY_PHASE_STRIP = NO;
				DEBUG_INFORMATION_FORMAT = dwarf;
				MACOSX_DEPLOYMENT_TARGET = 10.13;
				OTHER_LDFLAGS = (
					"-lboinc_api",
					"-lboinc",
				);
				SDKROOT = macosx;
				STRIP_INSTALLED_PRODUCT = NO;
				USE_HEADERMAP = NO;
			};
			name = Development;
		};
		DD63410C0973C84A00B1057F /* Deployment */ = {
			isa = XCBuildConfiguration;
			buildSettings = {
				ALWAYS_SEARCH_USER_PATHS = NO;
				ARCHS = "$(ARCHS_STANDARD)";
				COPY_PHASE_STRIP = NO;
				DEBUG_INFORMATION_FORMAT = "dwarf-with-dsym";
				MACOSX_DEPLOYMENT_TARGET = 10.13;
				OTHER_LDFLAGS = (
					"-lboinc_api",
					"-lboinc",
				);
				SDKROOT = macosx;
				STRIP_INSTALLED_PRODUCT = YES;
				USE_HEADERMAP = NO;
			};
			name = Deployment;
		};
		DD84C7290C856DBB000EBEC4 /* Development */ = {
			isa = XCBuildConfiguration;
			buildSettings = {
				COPY_PHASE_STRIP = NO;
				PRODUCT_NAME = Build_All;
			};
			name = Development;
		};
		DD84C72B0C856DBB000EBEC4 /* Deployment */ = {
			isa = XCBuildConfiguration;
			buildSettings = {
				PRODUCT_NAME = Build_All;
			};
			name = Deployment;
		};
		DDC4797215AC56CA0022401F /* Development */ = {
			isa = XCBuildConfiguration;
			buildSettings = {
				GCC_DYNAMIC_NO_PIC = NO;
				GCC_ENABLE_FIX_AND_CONTINUE = NO;
				GCC_INLINES_ARE_PRIVATE_EXTERN = YES;
				GCC_OPTIMIZATION_LEVEL = 0;
				GCC_SYMBOLS_PRIVATE_EXTERN = YES;
				GCC_WARN_ABOUT_RETURN_TYPE = YES;
				GCC_WARN_UNUSED_VARIABLE = YES;
				HEADER_SEARCH_PATHS = (
					../..,
					../../lib,
					../../api,
					../../clientgui/mac,
				);
				LIBRARY_SEARCH_PATHS = ../../mac_build/build/Development/;
				OTHER_CFLAGS = "";
				PRODUCT_NAME = "UC2-apple-darwin";
			};
			name = Development;
		};
		DDC4797315AC56CA0022401F /* Deployment */ = {
			isa = XCBuildConfiguration;
			buildSettings = {
				GCC_ENABLE_FIX_AND_CONTINUE = NO;
				GCC_INLINES_ARE_PRIVATE_EXTERN = YES;
				GCC_SYMBOLS_PRIVATE_EXTERN = YES;
				GCC_WARN_ABOUT_RETURN_TYPE = YES;
				GCC_WARN_UNUSED_VARIABLE = YES;
				HEADER_SEARCH_PATHS = (
					../..,
					../../lib,
					../../api,
					../../clientgui/mac,
				);
				LIBRARY_SEARCH_PATHS = ../../mac_build/build/Deployment/;
				OTHER_CFLAGS = "";
				PRODUCT_NAME = "UC2-apple-darwin";
			};
			name = Deployment;
		};
		DDC479B815AC56EB0022401F /* Development */ = {
			isa = XCBuildConfiguration;
			buildSettings = {
				FRAMEWORK_SEARCH_PATHS = (
					"$(inherited)",
					"$(PROJECT_DIR)",
				);
				GCC_DYNAMIC_NO_PIC = NO;
				GCC_ENABLE_FIX_AND_CONTINUE = NO;
				GCC_INLINES_ARE_PRIVATE_EXTERN = YES;
				GCC_OPTIMIZATION_LEVEL = 0;
				GCC_SYMBOLS_PRIVATE_EXTERN = YES;
				GCC_WARN_ABOUT_RETURN_TYPE = YES;
				GCC_WARN_UNUSED_VARIABLE = YES;
				HEADER_SEARCH_PATHS = (
					"../../../freetype-2.11.0/include",
					"../../../ftgl-2.1.3~rc5/src",
					../..,
					../../lib,
					../../api,
					../../clientgui/mac,
					../../../libzip/lib,
				);
				INSTALL_PATH = "$(HOME)/bin";
				LIBRARY_SEARCH_PATHS = (
					../../mac_build/build/Development/,
					"../../../freetype-2.11.0/objs/.libs",
					"../../../ftgl-2.1.3~rc5/src/.libs",
					../../../libzip/lib,
				);
				OTHER_LDFLAGS = (
					"-lboinc_api",
					"-lboinc_graphics2",
					"-lboinc",
					"-ljpeg",
					"-lfreetype",
					"-lftgl",
					"-lz",
					"-lbz2",
					"-lzip",
				);
				PRODUCT_NAME = "UC2_graphics-apple-darwin";
			};
			name = Development;
		};
		DDC479B915AC56EB0022401F /* Deployment */ = {
			isa = XCBuildConfiguration;
			buildSettings = {
				FRAMEWORK_SEARCH_PATHS = (
					"$(inherited)",
					"$(PROJECT_DIR)",
				);
				GCC_ENABLE_FIX_AND_CONTINUE = NO;
				GCC_INLINES_ARE_PRIVATE_EXTERN = YES;
				GCC_SYMBOLS_PRIVATE_EXTERN = YES;
				GCC_WARN_ABOUT_RETURN_TYPE = YES;
				GCC_WARN_UNUSED_VARIABLE = YES;
				HEADER_SEARCH_PATHS = (
					"../../../freetype-2.11.0/include",
					"../../../ftgl-2.1.3~rc5/src",
					../..,
					../../lib,
					../../api,
					../../clientgui/mac,
					../../../libzip/lib,
				);
				INSTALL_PATH = "$(HOME)/bin";
				LIBRARY_SEARCH_PATHS = (
					../../mac_build/build/Deployment/,
					"../../../freetype-2.11.0/objs/.libs",
					"../../../ftgl-2.1.3~rc5/src/.libs",
					../../../libzip/lib,
				);
				OTHER_LDFLAGS = (
					"-lboinc_api",
					"-lboinc_graphics2",
					"-lboinc",
					"-ljpeg",
					"-lfreetype",
					"-lftgl",
					"-lz",
					"-lbz2",
					"-lzip",
				);
				PRODUCT_NAME = "UC2_graphics-apple-darwin";
			};
			name = Deployment;
		};
/* End XCBuildConfiguration section */

/* Begin XCConfigurationList section */
		DD5937A5164D16CE001D94A5 /* Build configuration list for PBXNativeTarget "slide_show" */ = {
			isa = XCConfigurationList;
			buildConfigurations = (
				DD5937A6164D16CE001D94A5 /* Development */,
				DD5937A7164D16CE001D94A5 /* Deployment */,
			);
			defaultConfigurationIsVisible = 0;
			defaultConfigurationName = Development;
		};
		DD6341040973C81800B1057F /* Build configuration list for PBXProject "UpperCase2" */ = {
			isa = XCConfigurationList;
			buildConfigurations = (
				DD6341050973C81800B1057F /* Development */,
				DD63410C0973C84A00B1057F /* Deployment */,
			);
			defaultConfigurationIsVisible = 0;
			defaultConfigurationName = Development;
		};
		DD84C7280C856DBB000EBEC4 /* Build configuration list for PBXAggregateTarget "Build_All" */ = {
			isa = XCConfigurationList;
			buildConfigurations = (
				DD84C7290C856DBB000EBEC4 /* Development */,
				DD84C72B0C856DBB000EBEC4 /* Deployment */,
			);
			defaultConfigurationIsVisible = 0;
			defaultConfigurationName = Development;
		};
		DDC4797115AC56CA0022401F /* Build configuration list for PBXNativeTarget "UC2" */ = {
			isa = XCConfigurationList;
			buildConfigurations = (
				DDC4797215AC56CA0022401F /* Development */,
				DDC4797315AC56CA0022401F /* Deployment */,
			);
			defaultConfigurationIsVisible = 0;
			defaultConfigurationName = Development;
		};
		DDC479B715AC56EB0022401F /* Build configuration list for PBXNativeTarget "UC2Gfx" */ = {
			isa = XCConfigurationList;
			buildConfigurations = (
				DDC479B815AC56EB0022401F /* Development */,
				DDC479B915AC56EB0022401F /* Deployment */,
			);
			defaultConfigurationIsVisible = 0;
			defaultConfigurationName = Development;
		};
/* End XCConfigurationList section */
	};
	rootObject = 08FB7793FE84155DC02AAC07 /* Project object */;
}
