// !$*UTF8*$!
{
	archiveVersion = 1;
	classes = {
	};
	objectVersion = 45;
	objects = {

/* Begin PBXBuildFile section */
		DDA8835B1653B430005512CB /* boinc_zip_test.1 in CopyFiles */ = {isa = PBXBuildFile; fileRef = DDA8835A1653B430005512CB /* boinc_zip_test.1 */; };
		DDA883601653B43D005512CB /* test.cpp in Sources */ = {isa = PBXBuildFile; fileRef = DDA8835F1653B43D005512CB /* test.cpp */; };
		DDAEA3E01655C0FD00E969C2 /* z_unix.c in Sources */ = {isa = PBXBuildFile; fileRef = DDAEA3DF1655C0FD00E969C2 /* z_unix.c */; };
		E32411B80FC5DBAB0006868A /* api.c in Sources */ = {isa = PBXBuildFile; fileRef = E32411A60FC5DBAB0006868A /* api.c */; };
		E32411B90FC5DBAB0006868A /* apihelp.c in Sources */ = {isa = PBXBuildFile; fileRef = E32411A70FC5DBAB0006868A /* apihelp.c */; };
		E32411BA0FC5DBAB0006868A /* crc32.c in Sources */ = {isa = PBXBuildFile; fileRef = E32411A80FC5DBAB0006868A /* crc32.c */; };
		E32411BD0FC5DBAB0006868A /* explode.c in Sources */ = {isa = PBXBuildFile; fileRef = E32411AB0FC5DBAB0006868A /* explode.c */; };
		E32411BE0FC5DBAB0006868A /* extract.c in Sources */ = {isa = PBXBuildFile; fileRef = E32411AC0FC5DBAB0006868A /* extract.c */; };
		E32411BF0FC5DBAB0006868A /* fileio.c in Sources */ = {isa = PBXBuildFile; fileRef = E32411AD0FC5DBAB0006868A /* fileio.c */; };
		E32411C00FC5DBAB0006868A /* globals.c in Sources */ = {isa = PBXBuildFile; fileRef = E32411AE0FC5DBAB0006868A /* globals.c */; };
		E32411C10FC5DBAB0006868A /* inflate.c in Sources */ = {isa = PBXBuildFile; fileRef = E32411AF0FC5DBAB0006868A /* inflate.c */; };
		E32411C20FC5DBAB0006868A /* list.c in Sources */ = {isa = PBXBuildFile; fileRef = E32411B00FC5DBAB0006868A /* list.c */; };
		E32411C30FC5DBAB0006868A /* match.c in Sources */ = {isa = PBXBuildFile; fileRef = E32411B10FC5DBAB0006868A /* match.c */; };
		E32411C40FC5DBAB0006868A /* process.c in Sources */ = {isa = PBXBuildFile; fileRef = E32411B20FC5DBAB0006868A /* process.c */; };
		E32411C50FC5DBAB0006868A /* ttyio.c in Sources */ = {isa = PBXBuildFile; fileRef = E32411B30FC5DBAB0006868A /* ttyio.c */; };
		E32411C60FC5DBAB0006868A /* unreduce.c in Sources */ = {isa = PBXBuildFile; fileRef = E32411B40FC5DBAB0006868A /* unreduce.c */; };
		E32411C70FC5DBAB0006868A /* unshrink.c in Sources */ = {isa = PBXBuildFile; fileRef = E32411B50FC5DBAB0006868A /* unshrink.c */; };
		E32411C80FC5DBAB0006868A /* unzip.c in Sources */ = {isa = PBXBuildFile; fileRef = E32411B60FC5DBAB0006868A /* unzip.c */; };
		E32411C90FC5DBAB0006868A /* zipinfo.c in Sources */ = {isa = PBXBuildFile; fileRef = E32411B70FC5DBAB0006868A /* zipinfo.c */; };
		E32411D20FC5DBFA0006868A /* deflate.c in Sources */ = {isa = PBXBuildFile; fileRef = E32411CA0FC5DBFA0006868A /* deflate.c */; };
		E32411D30FC5DBFA0006868A /* trees.c in Sources */ = {isa = PBXBuildFile; fileRef = E32411CB0FC5DBFA0006868A /* trees.c */; };
		E32411D40FC5DBFA0006868A /* util.c in Sources */ = {isa = PBXBuildFile; fileRef = E32411CC0FC5DBFA0006868A /* util.c */; };
		E32411D50FC5DBFA0006868A /* z_fileio.c in Sources */ = {isa = PBXBuildFile; fileRef = E32411CD0FC5DBFA0006868A /* z_fileio.c */; };
		E32411D60FC5DBFA0006868A /* z_globals.c in Sources */ = {isa = PBXBuildFile; fileRef = E32411CE0FC5DBFA0006868A /* z_globals.c */; };
		E32411D70FC5DBFA0006868A /* zip.c in Sources */ = {isa = PBXBuildFile; fileRef = E32411CF0FC5DBFA0006868A /* zip.c */; };
		E32411D80FC5DBFA0006868A /* zipfile.c in Sources */ = {isa = PBXBuildFile; fileRef = E32411D00FC5DBFA0006868A /* zipfile.c */; };
		E32411D90FC5DBFA0006868A /* zipup.c in Sources */ = {isa = PBXBuildFile; fileRef = E32411D10FC5DBFA0006868A /* zipup.c */; };
		E32411DD0FC5DC2B0006868A /* unix.c in Sources */ = {isa = PBXBuildFile; fileRef = E32411DC0FC5DC2B0006868A /* unix.c */; };
		E32411DF0FC5DC410006868A /* boinc_zip.cpp in Sources */ = {isa = PBXBuildFile; fileRef = E32411DE0FC5DC410006868A /* boinc_zip.cpp */; };
/* End PBXBuildFile section */

/* Begin PBXContainerItemProxy section */
		DD15D3491654DF3300116F22 /* PBXContainerItemProxy */ = {
			isa = PBXContainerItemProxy;
			containerPortal = 08FB7793FE84155DC02AAC07 /* Project object */;
			proxyType = 1;
			remoteGlobalIDString = D2AAC045055464E500DB518D;
			remoteInfo = boinc_zip;
		};
/* End PBXContainerItemProxy section */

/* Begin PBXCopyFilesBuildPhase section */
		DDA883531653B430005512CB /* CopyFiles */ = {
			isa = PBXCopyFilesBuildPhase;
			buildActionMask = 2147483647;
			dstPath = /usr/share/man/man1/;
			dstSubfolderSpec = 0;
			files = (
				DDA8835B1653B430005512CB /* boinc_zip_test.1 in CopyFiles */,
			);
			runOnlyForDeploymentPostprocessing = 1;
		};
/* End PBXCopyFilesBuildPhase section */

/* Begin PBXFileReference section */
		D2AAC046055464E500DB518D /* libboinc_zip.a */ = {isa = PBXFileReference; explicitFileType = archive.ar; includeInIndex = 0; path = libboinc_zip.a; sourceTree = BUILT_PRODUCTS_DIR; };
		DDA883551653B430005512CB /* boinc_zip_test */ = {isa = PBXFileReference; explicitFileType = "compiled.mach-o.executable"; includeInIndex = 0; path = boinc_zip_test; sourceTree = BUILT_PRODUCTS_DIR; };
		DDA883581653B430005512CB /* main.cpp */ = {isa = PBXFileReference; lastKnownFileType = sourcecode.cpp.cpp; path = main.cpp; sourceTree = "<group>"; };
		DDA8835A1653B430005512CB /* boinc_zip_test.1 */ = {isa = PBXFileReference; lastKnownFileType = text.man; path = boinc_zip_test.1; sourceTree = "<group>"; };
		DDA8835F1653B43D005512CB /* test.cpp */ = {isa = PBXFileReference; fileEncoding = 4; lastKnownFileType = sourcecode.cpp.cpp; path = test.cpp; sourceTree = "<group>"; };
		DDAEA3DF1655C0FD00E969C2 /* z_unix.c */ = {isa = PBXFileReference; fileEncoding = 4; lastKnownFileType = sourcecode.c.c; name = z_unix.c; path = zip/unix/z_unix.c; sourceTree = "<group>"; };
		E32411A60FC5DBAB0006868A /* api.c */ = {isa = PBXFileReference; explicitFileType = sourcecode.c.c; fileEncoding = 4; name = api.c; path = unzip/api.c; sourceTree = "<group>"; };
		E32411A70FC5DBAB0006868A /* apihelp.c */ = {isa = PBXFileReference; fileEncoding = 4; lastKnownFileType = sourcecode.c.c; name = apihelp.c; path = unzip/apihelp.c; sourceTree = "<group>"; };
		E32411A80FC5DBAB0006868A /* crc32.c */ = {isa = PBXFileReference; fileEncoding = 4; lastKnownFileType = sourcecode.c.c; name = crc32.c; path = unzip/crc32.c; sourceTree = "<group>"; };
		E32411AB0FC5DBAB0006868A /* explode.c */ = {isa = PBXFileReference; fileEncoding = 4; lastKnownFileType = sourcecode.c.c; name = explode.c; path = unzip/explode.c; sourceTree = "<group>"; };
		E32411AC0FC5DBAB0006868A /* extract.c */ = {isa = PBXFileReference; fileEncoding = 4; lastKnownFileType = sourcecode.c.c; name = extract.c; path = unzip/extract.c; sourceTree = "<group>"; };
		E32411AD0FC5DBAB0006868A /* fileio.c */ = {isa = PBXFileReference; fileEncoding = 4; lastKnownFileType = sourcecode.c.c; name = fileio.c; path = unzip/fileio.c; sourceTree = "<group>"; };
		E32411AE0FC5DBAB0006868A /* globals.c */ = {isa = PBXFileReference; fileEncoding = 4; lastKnownFileType = sourcecode.c.c; name = globals.c; path = unzip/globals.c; sourceTree = "<group>"; };
		E32411AF0FC5DBAB0006868A /* inflate.c */ = {isa = PBXFileReference; fileEncoding = 4; lastKnownFileType = sourcecode.c.c; name = inflate.c; path = unzip/inflate.c; sourceTree = "<group>"; };
		E32411B00FC5DBAB0006868A /* list.c */ = {isa = PBXFileReference; fileEncoding = 4; lastKnownFileType = sourcecode.c.c; name = list.c; path = unzip/list.c; sourceTree = "<group>"; };
		E32411B10FC5DBAB0006868A /* match.c */ = {isa = PBXFileReference; fileEncoding = 4; lastKnownFileType = sourcecode.c.c; name = match.c; path = unzip/match.c; sourceTree = "<group>"; };
		E32411B20FC5DBAB0006868A /* process.c */ = {isa = PBXFileReference; fileEncoding = 4; lastKnownFileType = sourcecode.c.c; name = process.c; path = unzip/process.c; sourceTree = "<group>"; };
		E32411B30FC5DBAB0006868A /* ttyio.c */ = {isa = PBXFileReference; fileEncoding = 4; lastKnownFileType = sourcecode.c.c; name = ttyio.c; path = unzip/ttyio.c; sourceTree = "<group>"; };
		E32411B40FC5DBAB0006868A /* unreduce.c */ = {isa = PBXFileReference; fileEncoding = 4; lastKnownFileType = sourcecode.c.c; name = unreduce.c; path = unzip/unreduce.c; sourceTree = "<group>"; };
		E32411B50FC5DBAB0006868A /* unshrink.c */ = {isa = PBXFileReference; fileEncoding = 4; lastKnownFileType = sourcecode.c.c; name = unshrink.c; path = unzip/unshrink.c; sourceTree = "<group>"; };
		E32411B60FC5DBAB0006868A /* unzip.c */ = {isa = PBXFileReference; fileEncoding = 4; lastKnownFileType = sourcecode.c.c; name = unzip.c; path = unzip/unzip.c; sourceTree = "<group>"; };
		E32411B70FC5DBAB0006868A /* zipinfo.c */ = {isa = PBXFileReference; fileEncoding = 4; lastKnownFileType = sourcecode.c.c; name = zipinfo.c; path = unzip/zipinfo.c; sourceTree = "<group>"; };
		E32411CA0FC5DBFA0006868A /* deflate.c */ = {isa = PBXFileReference; fileEncoding = 4; lastKnownFileType = sourcecode.c.c; name = deflate.c; path = zip/deflate.c; sourceTree = "<group>"; };
		E32411CB0FC5DBFA0006868A /* trees.c */ = {isa = PBXFileReference; fileEncoding = 4; lastKnownFileType = sourcecode.c.c; name = trees.c; path = zip/trees.c; sourceTree = "<group>"; };
		E32411CC0FC5DBFA0006868A /* util.c */ = {isa = PBXFileReference; fileEncoding = 4; lastKnownFileType = sourcecode.c.c; name = util.c; path = zip/util.c; sourceTree = "<group>"; };
		E32411CD0FC5DBFA0006868A /* z_fileio.c */ = {isa = PBXFileReference; fileEncoding = 4; lastKnownFileType = sourcecode.c.c; name = z_fileio.c; path = zip/z_fileio.c; sourceTree = "<group>"; };
		E32411CE0FC5DBFA0006868A /* z_globals.c */ = {isa = PBXFileReference; fileEncoding = 4; lastKnownFileType = sourcecode.c.c; name = z_globals.c; path = zip/z_globals.c; sourceTree = "<group>"; };
		E32411CF0FC5DBFA0006868A /* zip.c */ = {isa = PBXFileReference; fileEncoding = 4; lastKnownFileType = sourcecode.c.c; name = zip.c; path = zip/zip.c; sourceTree = "<group>"; };
		E32411D00FC5DBFA0006868A /* zipfile.c */ = {isa = PBXFileReference; fileEncoding = 4; lastKnownFileType = sourcecode.c.c; name = zipfile.c; path = zip/zipfile.c; sourceTree = "<group>"; };
		E32411D10FC5DBFA0006868A /* zipup.c */ = {isa = PBXFileReference; fileEncoding = 4; lastKnownFileType = sourcecode.c.c; name = zipup.c; path = zip/zipup.c; sourceTree = "<group>"; };
		E32411DC0FC5DC2B0006868A /* unix.c */ = {isa = PBXFileReference; fileEncoding = 4; lastKnownFileType = sourcecode.c.c; name = unix.c; path = unzip/unix/unix.c; sourceTree = "<group>"; };
		E32411DE0FC5DC410006868A /* boinc_zip.cpp */ = {isa = PBXFileReference; fileEncoding = 4; lastKnownFileType = sourcecode.cpp.cpp; path = boinc_zip.cpp; sourceTree = "<group>"; };
/* End PBXFileReference section */

/* Begin PBXFrameworksBuildPhase section */
		D289987405E68DCB004EDB86 /* Frameworks */ = {
			isa = PBXFrameworksBuildPhase;
			buildActionMask = 2147483647;
			files = (
			);
			runOnlyForDeploymentPostprocessing = 0;
		};
		DDA883521653B430005512CB /* Frameworks */ = {
			isa = PBXFrameworksBuildPhase;
			buildActionMask = 2147483647;
			files = (
			);
			runOnlyForDeploymentPostprocessing = 0;
		};
/* End PBXFrameworksBuildPhase section */

/* Begin PBXGroup section */
		08FB7794FE84155DC02AAC07 /* boinc_zip */ = {
			isa = PBXGroup;
			children = (
				E32411A30FC5DB400006868A /* unzip */,
				E32411A20FC5DB390006868A /* zip */,
				08FB7795FE84155DC02AAC07 /* Source */,
				DDA883571653B430005512CB /* boinc_zip_test */,
				1AB674ADFE9D54B511CA2CBB /* Products */,
			);
			name = boinc_zip;
			sourceTree = "<group>";
		};
		08FB7795FE84155DC02AAC07 /* Source */ = {
			isa = PBXGroup;
			children = (
				E32411DE0FC5DC410006868A /* boinc_zip.cpp */,
				DDA8835F1653B43D005512CB /* test.cpp */,
			);
			name = Source;
			sourceTree = "<group>";
		};
		1AB674ADFE9D54B511CA2CBB /* Products */ = {
			isa = PBXGroup;
			children = (
				D2AAC046055464E500DB518D /* libboinc_zip.a */,
				DDA883551653B430005512CB /* boinc_zip_test */,
			);
			name = Products;
			sourceTree = "<group>";
		};
		DDA883571653B430005512CB /* boinc_zip_test */ = {
			isa = PBXGroup;
			children = (
				DDA883581653B430005512CB /* main.cpp */,
				DDA8835A1653B430005512CB /* boinc_zip_test.1 */,
			);
			path = boinc_zip_test;
			sourceTree = "<group>";
		};
		E32411A20FC5DB390006868A /* zip */ = {
			isa = PBXGroup;
			children = (
				E32411CA0FC5DBFA0006868A /* deflate.c */,
				E32411CB0FC5DBFA0006868A /* trees.c */,
				E32411CC0FC5DBFA0006868A /* util.c */,
				E32411CD0FC5DBFA0006868A /* z_fileio.c */,
				E32411CE0FC5DBFA0006868A /* z_globals.c */,
				E32411CF0FC5DBFA0006868A /* zip.c */,
				E32411D00FC5DBFA0006868A /* zipfile.c */,
				E32411D10FC5DBFA0006868A /* zipup.c */,
				DDAEA3DF1655C0FD00E969C2 /* z_unix.c */,
			);
			name = zip;
			sourceTree = "<group>";
		};
		E32411A30FC5DB400006868A /* unzip */ = {
			isa = PBXGroup;
			children = (
				E32411A60FC5DBAB0006868A /* api.c */,
				E32411A70FC5DBAB0006868A /* apihelp.c */,
				E32411A80FC5DBAB0006868A /* crc32.c */,
				E32411AB0FC5DBAB0006868A /* explode.c */,
				E32411AC0FC5DBAB0006868A /* extract.c */,
				E32411AD0FC5DBAB0006868A /* fileio.c */,
				E32411AE0FC5DBAB0006868A /* globals.c */,
				E32411AF0FC5DBAB0006868A /* inflate.c */,
				E32411B00FC5DBAB0006868A /* list.c */,
				E32411B10FC5DBAB0006868A /* match.c */,
				E32411B20FC5DBAB0006868A /* process.c */,
				E32411B30FC5DBAB0006868A /* ttyio.c */,
				E32411DC0FC5DC2B0006868A /* unix.c */,
				E32411B40FC5DBAB0006868A /* unreduce.c */,
				E32411B50FC5DBAB0006868A /* unshrink.c */,
				E32411B60FC5DBAB0006868A /* unzip.c */,
				E32411B70FC5DBAB0006868A /* zipinfo.c */,
			);
			name = unzip;
			sourceTree = "<group>";
		};
/* End PBXGroup section */

/* Begin PBXHeadersBuildPhase section */
		D2AAC043055464E500DB518D /* Headers */ = {
			isa = PBXHeadersBuildPhase;
			buildActionMask = 2147483647;
			files = (
			);
			runOnlyForDeploymentPostprocessing = 0;
		};
/* End PBXHeadersBuildPhase section */

/* Begin PBXNativeTarget section */
		D2AAC045055464E500DB518D /* boinc_zip */ = {
			isa = PBXNativeTarget;
			buildConfigurationList = 1DEB91EB08733DB70010E9CD /* Build configuration list for PBXNativeTarget "boinc_zip" */;
			buildPhases = (
				D2AAC043055464E500DB518D /* Headers */,
				D2AAC044055464E500DB518D /* Sources */,
				D289987405E68DCB004EDB86 /* Frameworks */,
				DD84B684164CF66A008E1369 /* ShellScript */,
			);
			buildRules = (
			);
			dependencies = (
			);
			name = boinc_zip;
			productName = boinc_zip;
			productReference = D2AAC046055464E500DB518D /* libboinc_zip.a */;
			productType = "com.apple.product-type.library.static";
		};
		DDA883541653B430005512CB /* boinc_zip_test */ = {
			isa = PBXNativeTarget;
			buildConfigurationList = DDA8835C1653B430005512CB /* Build configuration list for PBXNativeTarget "boinc_zip_test" */;
			buildPhases = (
				DDA883511653B430005512CB /* Sources */,
				DDA883521653B430005512CB /* Frameworks */,
				DDA883531653B430005512CB /* CopyFiles */,
			);
			buildRules = (
			);
			dependencies = (
				DD15D34A1654DF3300116F22 /* PBXTargetDependency */,
			);
			name = boinc_zip_test;
			productName = boinc_zip_test;
			productReference = DDA883551653B430005512CB /* boinc_zip_test */;
			productType = "com.apple.product-type.tool";
		};
/* End PBXNativeTarget section */

/* Begin PBXProject section */
		08FB7793FE84155DC02AAC07 /* Project object */ = {
			isa = PBXProject;
			buildConfigurationList = 1DEB91EF08733DB70010E9CD /* Build configuration list for PBXProject "boinc_zip" */;
			compatibilityVersion = "Xcode 3.1";
			developmentRegion = English;
			hasScannedForEncodings = 1;
			knownRegions = (
				en,
			);
			mainGroup = 08FB7794FE84155DC02AAC07 /* boinc_zip */;
			projectDirPath = "";
			projectRoot = "";
			targets = (
				D2AAC045055464E500DB518D /* boinc_zip */,
				DDA883541653B430005512CB /* boinc_zip_test */,
			);
		};
/* End PBXProject section */

/* Begin PBXShellScriptBuildPhase section */
		DD84B684164CF66A008E1369 /* ShellScript */ = {
			isa = PBXShellScriptBuildPhase;
			buildActionMask = 2147483647;
			files = (
			);
			inputPaths = (
			);
			outputPaths = (
			);
			runOnlyForDeploymentPostprocessing = 0;
			shellPath = /bin/sh;
			shellScript = "# echo \"BuiltProductsDir = ${BUILT_PRODUCTS_DIR}\"\n# echo \"SRC ROOT = ${SRCROOT}\"\n# echo \"CONFIGURATION = ${CONFIGURATION}\"\n# echo \"PRODUCT_NAME = ${PRODUCT_NAME}\"\nmkdir -p \"${SRCROOT}/build/${CONFIGURATION}\"\nif [ \"${BUILT_PRODUCTS_DIR}/lib${PRODUCT_NAME}.a\" -nt \"${SRCROOT}/../mac_build/build/${CONFIGURATION}/lib${PRODUCT_NAME}.a\" ]; then\n    cp -fp \"${BUILT_PRODUCTS_DIR}/lib${PRODUCT_NAME}.a\" \"${SRCROOT}/../mac_build/build/${CONFIGURATION}/lib${PRODUCT_NAME}.a\"\n    if [ \"$CONFIGURATION\" = \"Deployment\" ]; then\n        strip -S \"${SRCROOT}/../mac_build/build/${CONFIGURATION}/lib${PRODUCT_NAME}.a\"\n    fi\nfi";
		};
/* End PBXShellScriptBuildPhase section */

/* Begin PBXSourcesBuildPhase section */
		D2AAC044055464E500DB518D /* Sources */ = {
			isa = PBXSourcesBuildPhase;
			buildActionMask = 2147483647;
			files = (
				E32411B80FC5DBAB0006868A /* api.c in Sources */,
				E32411B90FC5DBAB0006868A /* apihelp.c in Sources */,
				E32411BA0FC5DBAB0006868A /* crc32.c in Sources */,
				E32411BD0FC5DBAB0006868A /* explode.c in Sources */,
				E32411BE0FC5DBAB0006868A /* extract.c in Sources */,
				E32411BF0FC5DBAB0006868A /* fileio.c in Sources */,
				E32411C00FC5DBAB0006868A /* globals.c in Sources */,
				E32411C10FC5DBAB0006868A /* inflate.c in Sources */,
				E32411C20FC5DBAB0006868A /* list.c in Sources */,
				E32411C30FC5DBAB0006868A /* match.c in Sources */,
				E32411C40FC5DBAB0006868A /* process.c in Sources */,
				E32411C50FC5DBAB0006868A /* ttyio.c in Sources */,
				E32411C60FC5DBAB0006868A /* unreduce.c in Sources */,
				E32411C70FC5DBAB0006868A /* unshrink.c in Sources */,
				E32411C80FC5DBAB0006868A /* unzip.c in Sources */,
				E32411C90FC5DBAB0006868A /* zipinfo.c in Sources */,
				E32411D20FC5DBFA0006868A /* deflate.c in Sources */,
				E32411D30FC5DBFA0006868A /* trees.c in Sources */,
				E32411D40FC5DBFA0006868A /* util.c in Sources */,
				E32411D50FC5DBFA0006868A /* z_fileio.c in Sources */,
				E32411D60FC5DBFA0006868A /* z_globals.c in Sources */,
				E32411D70FC5DBFA0006868A /* zip.c in Sources */,
				E32411D80FC5DBFA0006868A /* zipfile.c in Sources */,
				E32411D90FC5DBFA0006868A /* zipup.c in Sources */,
				E32411DD0FC5DC2B0006868A /* unix.c in Sources */,
				E32411DF0FC5DC410006868A /* boinc_zip.cpp in Sources */,
				DDAEA3E01655C0FD00E969C2 /* z_unix.c in Sources */,
			);
			runOnlyForDeploymentPostprocessing = 0;
		};
		DDA883511653B430005512CB /* Sources */ = {
			isa = PBXSourcesBuildPhase;
			buildActionMask = 2147483647;
			files = (
				DDA883601653B43D005512CB /* test.cpp in Sources */,
			);
			runOnlyForDeploymentPostprocessing = 0;
		};
/* End PBXSourcesBuildPhase section */

/* Begin PBXTargetDependency section */
		DD15D34A1654DF3300116F22 /* PBXTargetDependency */ = {
			isa = PBXTargetDependency;
			target = D2AAC045055464E500DB518D /* boinc_zip */;
			targetProxy = DD15D3491654DF3300116F22 /* PBXContainerItemProxy */;
		};
/* End PBXTargetDependency section */

/* Begin XCBuildConfiguration section */
		1DEB91EC08733DB70010E9CD /* Development */ = {
			isa = XCBuildConfiguration;
			buildSettings = {
				ALWAYS_SEARCH_USER_PATHS = NO;
				COPY_PHASE_STRIP = NO;
				GCC_DYNAMIC_NO_PIC = NO;
				GCC_ENABLE_FIX_AND_CONTINUE = YES;
				GCC_OPTIMIZATION_LEVEL = 0;
				GCC_PREPROCESSOR_DEFINITIONS = (
					_THREAD_SAFE,
					UNIX,
					DLL,
					PIC,
				);
				HEADER_SEARCH_PATHS = (
					./,
					../,
					./zip/,
					./unzip/,
					../lib/,
				);
				INSTALL_PATH = /usr/local/lib;
				OTHER_CFLAGS = (
					"-I../",
					"-Izip",
					"-Iunzip",
					"-I./",
					"-I../lib",
					"-DUSE_ZIPMAIN",
					"-DNO_OFF_T",
					"-DNO_CRYPT",
					"-DIZ_PWLEN=80",
				);
				PRODUCT_NAME = boinc_zip;
			};
			name = Development;
		};
		1DEB91ED08733DB70010E9CD /* Deployment */ = {
			isa = XCBuildConfiguration;
			buildSettings = {
				ALWAYS_SEARCH_USER_PATHS = NO;
				DEBUG_INFORMATION_FORMAT = "dwarf-with-dsym";
				GCC_GENERATE_DEBUGGING_SYMBOLS = NO;
				GCC_PREPROCESSOR_DEFINITIONS = (
					_THREAD_SAFE,
					UNIX,
					DLL,
					PIC,
				);
				HEADER_SEARCH_PATHS = (
					./,
					../,
					./zip/,
					./unzip/,
					../lib/,
				);
				INSTALL_PATH = /usr/local/lib;
				OTHER_CFLAGS = (
					"-I../",
					"-Izip",
					"-Iunzip",
					"-I./",
					"-I../lib",
					"-DUSE_ZIPMAIN",
					"-DNO_OFF_T",
					"-DNO_CRYPT",
					"-DIZ_PWLEN=80",
				);
				PRODUCT_NAME = boinc_zip;
			};
			name = Deployment;
		};
		1DEB91F008733DB70010E9CD /* Development */ = {
			isa = XCBuildConfiguration;
			buildSettings = {
				ARCHS = "$(ARCHS_STANDARD_32_64_BIT)";
				GCC_C_LANGUAGE_STANDARD = c99;
				GCC_OPTIMIZATION_LEVEL = 0;
				GCC_VERSION = com.apple.compilers.llvm.clang.1_0;
				GCC_WARN_ABOUT_RETURN_TYPE = YES;
				GCC_WARN_TYPECHECK_CALLS_TO_PRINTF = NO;
				GCC_WARN_UNUSED_VARIABLE = NO;
				ONLY_ACTIVE_ARCH = YES;
				SDKROOT = macosx;
			};
			name = Development;
		};
		1DEB91F108733DB70010E9CD /* Deployment */ = {
			isa = XCBuildConfiguration;
			buildSettings = {
				ARCHS = "$(ARCHS_STANDARD_32_64_BIT)";
				GCC_C_LANGUAGE_STANDARD = c99;
				GCC_VERSION = com.apple.compilers.llvm.clang.1_0;
				GCC_WARN_ABOUT_RETURN_TYPE = YES;
				GCC_WARN_TYPECHECK_CALLS_TO_PRINTF = NO;
				GCC_WARN_UNUSED_VARIABLE = NO;
				SDKROOT = macosx;
			};
			name = Deployment;
		};
		DDA8835D1653B430005512CB /* Development */ = {
			isa = XCBuildConfiguration;
			buildSettings = {
				ALWAYS_SEARCH_USER_PATHS = NO;
				ARCHS = "$(ARCHS_STANDARD_32_64_BIT)";
				CLANG_CXX_LANGUAGE_STANDARD = "gnu++0x";
				CLANG_WARN__DUPLICATE_METHOD_MATCH = YES;
				COPY_PHASE_STRIP = NO;
				GCC_C_LANGUAGE_STANDARD = gnu99;
				GCC_DYNAMIC_NO_PIC = NO;
				GCC_ENABLE_OBJC_EXCEPTIONS = YES;
				GCC_OPTIMIZATION_LEVEL = 0;
				GCC_PREPROCESSOR_DEFINITIONS = (
					"DEBUG=1",
					"$(inherited)",
				);
				GCC_SYMBOLS_PRIVATE_EXTERN = NO;
				GCC_WARN_64_TO_32_BIT_CONVERSION = YES;
				GCC_WARN_ABOUT_RETURN_TYPE = YES;
				GCC_WARN_UNINITIALIZED_AUTOS = YES;
				GCC_WARN_UNUSED_VARIABLE = YES;
				HEADER_SEARCH_PATHS = ./;
				LIBRARY_SEARCH_PATHS = ../mac_build/build/Development/;
				MACOSX_DEPLOYMENT_TARGET = 10.7;
				ONLY_ACTIVE_ARCH = YES;
				OTHER_LDFLAGS = (
					"-lboinc_zip",
					"-lboinc",
					"-lboinc_api",
				);
				PRODUCT_NAME = "$(TARGET_NAME)";
				SDKROOT = macosx;
			};
			name = Development;
		};
		DDA8835E1653B430005512CB /* Deployment */ = {
			isa = XCBuildConfiguration;
			buildSettings = {
				ALWAYS_SEARCH_USER_PATHS = NO;
				ARCHS = "$(ARCHS_STANDARD_32_64_BIT)";
				CLANG_CXX_LANGUAGE_STANDARD = "gnu++0x";
				CLANG_WARN__DUPLICATE_METHOD_MATCH = YES;
				COPY_PHASE_STRIP = YES;
				DEBUG_INFORMATION_FORMAT = "dwarf-with-dsym";
				GCC_C_LANGUAGE_STANDARD = gnu99;
				GCC_ENABLE_OBJC_EXCEPTIONS = YES;
				GCC_WARN_64_TO_32_BIT_CONVERSION = YES;
				GCC_WARN_ABOUT_RETURN_TYPE = YES;
				GCC_WARN_UNINITIALIZED_AUTOS = YES;
				GCC_WARN_UNUSED_VARIABLE = YES;
				HEADER_SEARCH_PATHS = ./;
				LIBRARY_SEARCH_PATHS = ../mac_build/build/Deployment/;
				MACOSX_DEPLOYMENT_TARGET = 10.7;
				OTHER_LDFLAGS = (
					"-lboinc_zip",
					"-lboinc",
					"-lboinc_api",
				);
				PRODUCT_NAME = "$(TARGET_NAME)";
				SDKROOT = macosx;
			};
			name = Deployment;
		};
/* End XCBuildConfiguration section */

/* Begin XCConfigurationList section */
		1DEB91EB08733DB70010E9CD /* Build configuration list for PBXNativeTarget "boinc_zip" */ = {
			isa = XCConfigurationList;
			buildConfigurations = (
				1DEB91EC08733DB70010E9CD /* Development */,
				1DEB91ED08733DB70010E9CD /* Deployment */,
			);
			defaultConfigurationIsVisible = 0;
			defaultConfigurationName = Deployment;
		};
		1DEB91EF08733DB70010E9CD /* Build configuration list for PBXProject "boinc_zip" */ = {
			isa = XCConfigurationList;
			buildConfigurations = (
				1DEB91F008733DB70010E9CD /* Development */,
				1DEB91F108733DB70010E9CD /* Deployment */,
			);
			defaultConfigurationIsVisible = 0;
			defaultConfigurationName = Deployment;
		};
		DDA8835C1653B430005512CB /* Build configuration list for PBXNativeTarget "boinc_zip_test" */ = {
			isa = XCConfigurationList;
			buildConfigurations = (
				DDA8835D1653B430005512CB /* Development */,
				DDA8835E1653B430005512CB /* Deployment */,
			);
			defaultConfigurationIsVisible = 0;
			defaultConfigurationName = Deployment;
		};
/* End XCConfigurationList section */
	};
	rootObject = 08FB7793FE84155DC02AAC07 /* Project object */;
}
