Microsoft Visual Studio Solution File, Format Version 8.00
Project("{8BC9CEB8-8B4A-11D0-8D11-00A0C91BC942}") = "RSAEuro", "RSAEuro.vcproj", "{264D5059-0A60-4B6E-8979-245BC31141FE}"
	ProjectSection(ProjectDependencies) = postProject
	EndProjectSection
EndProject
Project("{8BC9CEB8-8B4A-11D0-8D11-00A0C91BC942}") = "boinc", "boinc_cli.vcproj", "{06113715-AC51-4E91-8B9D-C987CABE0920}"
	ProjectSection(ProjectDependencies) = postProject
		{264D5059-0A60-4B6E-8979-245BC31141FE} = {264D5059-0A60-4B6E-8979-245BC31141FE}
		{21E7357D-41D8-444C-A120-18064B497174} = {21E7357D-41D8-444C-A120-18064B497174}
		{0B6B4994-5C4B-49F3-B717-17603AFB789E} = {0B6B4994-5C4B-49F3-B717-17603AFB789E}
	EndProjectSection
EndProject
Project("{8BC9CEB8-8B4A-11D0-8D11-00A0C91BC942}") = "boinc_dll", "boinc_dll.vcproj", "{0B6B4994-5C4B-49F3-B717-17603AFB789E}"
	ProjectSection(ProjectDependencies) = postProject
	EndProjectSection
EndProject
Project("{8BC9CEB8-8B4A-11D0-8D11-00A0C91BC942}") = "boinc_ss", "boinc_ss.vcproj", "{21E7357D-41D8-444C-A120-18064B497174}"
	ProjectSection(ProjectDependencies) = postProject
	EndProjectSection
EndProject
Project("{8BC9CEB8-8B4A-11D0-8D11-00A0C91BC942}") = "upper_case", "upper_case.vcproj", "{48FB07D8-6E26-4BB1-98AB-22001C0FB0FF}"
	ProjectSection(ProjectDependencies) = postProject
	EndProjectSection
EndProject
Project("{8BC9CEB8-8B4A-11D0-8D11-00A0C91BC942}") = "boinc_cmd", "boinc_guirpc_test.vcproj", "{DA997BD1-B575-465C-9851-EEBB727F506A}"
	ProjectSection(ProjectDependencies) = postProject
		{06113715-AC51-4E91-8B9D-C987CABE0920} = {06113715-AC51-4E91-8B9D-C987CABE0920}
		{21E7357D-41D8-444C-A120-18064B497174} = {21E7357D-41D8-444C-A120-18064B497174}
		{0B6B4994-5C4B-49F3-B717-17603AFB789E} = {0B6B4994-5C4B-49F3-B717-17603AFB789E}
	EndProjectSection
EndProject
Project("{8BC9CEB8-8B4A-11D0-8D11-00A0C91BC942}") = "boincmgr", "BOINCGUI.vcproj", "{06113715-AC51-4E91-8B9D-C987CABE0920}"
	ProjectSection(ProjectDependencies) = postProject
		{06113715-AC51-4E91-8B9D-C987CABE0920} = {06113715-AC51-4E91-8B9D-C987CABE0920}
		{21E7357D-41D8-444C-A120-18064B497174} = {21E7357D-41D8-444C-A120-18064B497174}
		{0B6B4994-5C4B-49F3-B717-17603AFB789E} = {0B6B4994-5C4B-49F3-B717-17603AFB789E}
	EndProjectSection
EndProject
Project("{8BC9CEB8-8B4A-11D0-8D11-00A0C91BC942}") = "boinc_gui", "boinc_gui.vcproj", "{78BA7B4E-4E37-4CAB-B954-CD906AC0E011}"
	ProjectSection(ProjectDependencies) = postProject
		{264D5059-0A60-4B6E-8979-245BC31141FE} = {264D5059-0A60-4B6E-8979-245BC31141FE}
		{21E7357D-41D8-444C-A120-18064B497174} = {21E7357D-41D8-444C-A120-18064B497174}
		{0B6B4994-5C4B-49F3-B717-17603AFB789E} = {0B6B4994-5C4B-49F3-B717-17603AFB789E}
	EndProjectSection
EndProject
Global
	GlobalSection(SolutionConfiguration) = preSolution
		Debug = Debug
		Release = Release
	EndGlobalSection
	GlobalSection(ProjectConfiguration) = postSolution
		{264D5059-0A60-4B6E-8979-245BC31141FE}.Debug.ActiveCfg = Debug|Win32
		{264D5059-0A60-4B6E-8979-245BC31141FE}.Debug.Build.0 = Debug|Win32
		{264D5059-0A60-4B6E-8979-245BC31141FE}.Release.ActiveCfg = Release|Win32
		{264D5059-0A60-4B6E-8979-245BC31141FE}.Release.Build.0 = Release|Win32
		{06113715-AC51-4E91-8B9D-C987CABE0920}.Debug.ActiveCfg = Debug|Win32
		{06113715-AC51-4E91-8B9D-C987CABE0920}.Debug.Build.0 = Debug|Win32
		{06113715-AC51-4E91-8B9D-C987CABE0920}.Release.ActiveCfg = Release|Win32
		{06113715-AC51-4E91-8B9D-C987CABE0920}.Release.Build.0 = Release|Win32
		{0B6B4994-5C4B-49F3-B717-17603AFB789E}.Debug.ActiveCfg = Debug|Win32
		{0B6B4994-5C4B-49F3-B717-17603AFB789E}.Debug.Build.0 = Debug|Win32
		{0B6B4994-5C4B-49F3-B717-17603AFB789E}.Release.ActiveCfg = Release|Win32
		{0B6B4994-5C4B-49F3-B717-17603AFB789E}.Release.Build.0 = Release|Win32
		{21E7357D-41D8-444C-A120-18064B497174}.Debug.ActiveCfg = Debug|Win32
		{21E7357D-41D8-444C-A120-18064B497174}.Debug.Build.0 = Debug|Win32
		{21E7357D-41D8-444C-A120-18064B497174}.Release.ActiveCfg = Release|Win32
		{21E7357D-41D8-444C-A120-18064B497174}.Release.Build.0 = Release|Win32
		{48FB07D8-6E26-4BB1-98AB-22001C0FB0FF}.Debug.ActiveCfg = Debug|Win32
		{48FB07D8-6E26-4BB1-98AB-22001C0FB0FF}.Release.ActiveCfg = Release|Win32
		{DA997BD1-B575-465C-9851-EEBB727F506A}.Debug.ActiveCfg = Debug|Win32
		{DA997BD1-B575-465C-9851-EEBB727F506A}.Debug.Build.0 = Debug|Win32
		{DA997BD1-B575-465C-9851-EEBB727F506A}.Release.ActiveCfg = Release|Win32
		{DA997BD1-B575-465C-9851-EEBB727F506A}.Release.Build.0 = Release|Win32
		{06113715-AC51-4E91-8B9D-C987CABE0920}.Debug.ActiveCfg = Debug|Win32
		{06113715-AC51-4E91-8B9D-C987CABE0920}.Debug.Build.0 = Debug|Win32
		{06113715-AC51-4E91-8B9D-C987CABE0920}.Release.ActiveCfg = Release|Win32
		{06113715-AC51-4E91-8B9D-C987CABE0920}.Release.Build.0 = Release|Win32
		{78BA7B4E-4E37-4CAB-B954-CD906AC0E011}.Debug.ActiveCfg = Debug|Win32
		{78BA7B4E-4E37-4CAB-B954-CD906AC0E011}.Release.ActiveCfg = Release|Win32
	EndGlobalSection
	GlobalSection(ExtensibilityGlobals) = postSolution
	EndGlobalSection
	GlobalSection(ExtensibilityAddIns) = postSolution
	EndGlobalSection
EndGlobal
