Microsoft Visual Studio Solution File, Format Version 9.00
# Visual Studio 2005
Project("{8BC9CEB8-8B4A-11D0-8D11-00A0C91BC942}") = "boinc", "boinc_cli_curl.vcproj", "{C04F0FCC-BB5D-4627-8656-6173B28BD69E}"
	ProjectSection(ProjectDependencies) = postProject
		{E8F6BD7E-461A-4733-B7D8-37B09A099ED8} = {E8F6BD7E-461A-4733-B7D8-37B09A099ED8}
		{B06280CB-82A4-46DE-8956-602643078BDF} = {B06280CB-82A4-46DE-8956-602643078BDF}
	EndProjectSection
EndProject
Project("{8BC9CEB8-8B4A-11D0-8D11-00A0C91BC942}") = "boinc_dll", "boinc_dll.vcproj", "{B06280CB-82A4-46DE-8956-602643078BDF}"
EndProject
Project("{8BC9CEB8-8B4A-11D0-8D11-00A0C91BC942}") = "boinc_ss", "boinc_ss.vcproj", "{4A2C5963-6A8D-4CA1-A312-C3D749B2EA81}"
EndProject
Project("{8BC9CEB8-8B4A-11D0-8D11-00A0C91BC942}") = "boinccmd", "boinccmd.vcproj", "{8F37E1F3-3A68-4A1D-9579-A1210BDD055E}"
	ProjectSection(ProjectDependencies) = postProject
		{E8F6BD7E-461A-4733-B7D8-37B09A099ED8} = {E8F6BD7E-461A-4733-B7D8-37B09A099ED8}
		{C04F0FCC-BB5D-4627-8656-6173B28BD69E} = {C04F0FCC-BB5D-4627-8656-6173B28BD69E}
	EndProjectSection
EndProject
Project("{8BC9CEB8-8B4A-11D0-8D11-00A0C91BC942}") = "boincmgr", "boincmgr_curl.vcproj", "{06113715-AC51-4E91-8B9D-C987CABE0920}"
	ProjectSection(ProjectDependencies) = postProject
		{B06280CB-82A4-46DE-8956-602643078BDF} = {B06280CB-82A4-46DE-8956-602643078BDF}
		{C04F0FCC-BB5D-4627-8656-6173B28BD69E} = {C04F0FCC-BB5D-4627-8656-6173B28BD69E}
	EndProjectSection
EndProject
Project("{8BC9CEB8-8B4A-11D0-8D11-00A0C91BC942}") = "libboinc", "libboinc.vcproj", "{E8F6BD7E-461A-4733-B7D8-37B09A099ED8}"
EndProject
Project("{8BC9CEB8-8B4A-11D0-8D11-00A0C91BC942}") = "updater", "updater.vcproj", "{B865A797-36AF-4059-9D52-8FF4F9B132D5}"
EndProject
Global
	GlobalSection(SolutionConfigurationPlatforms) = preSolution
		Debug|Win32 = Debug|Win32
		Release|Win32 = Release|Win32
	EndGlobalSection
	GlobalSection(ProjectConfigurationPlatforms) = postSolution
		{C04F0FCC-BB5D-4627-8656-6173B28BD69E}.Debug|Win32.ActiveCfg = Debug|Win32
		{C04F0FCC-BB5D-4627-8656-6173B28BD69E}.Debug|Win32.Build.0 = Debug|Win32
		{C04F0FCC-BB5D-4627-8656-6173B28BD69E}.Release|Win32.ActiveCfg = Release|Win32
		{C04F0FCC-BB5D-4627-8656-6173B28BD69E}.Release|Win32.Build.0 = Release|Win32
		{B06280CB-82A4-46DE-8956-602643078BDF}.Debug|Win32.ActiveCfg = Debug|Win32
		{B06280CB-82A4-46DE-8956-602643078BDF}.Debug|Win32.Build.0 = Debug|Win32
		{B06280CB-82A4-46DE-8956-602643078BDF}.Release|Win32.ActiveCfg = Release|Win32
		{B06280CB-82A4-46DE-8956-602643078BDF}.Release|Win32.Build.0 = Release|Win32
		{4A2C5963-6A8D-4CA1-A312-C3D749B2EA81}.Debug|Win32.ActiveCfg = Debug|Win32
		{4A2C5963-6A8D-4CA1-A312-C3D749B2EA81}.Debug|Win32.Build.0 = Debug|Win32
		{4A2C5963-6A8D-4CA1-A312-C3D749B2EA81}.Release|Win32.ActiveCfg = Release|Win32
		{4A2C5963-6A8D-4CA1-A312-C3D749B2EA81}.Release|Win32.Build.0 = Release|Win32
		{8F37E1F3-3A68-4A1D-9579-A1210BDD055E}.Debug|Win32.ActiveCfg = Debug|Win32
		{8F37E1F3-3A68-4A1D-9579-A1210BDD055E}.Debug|Win32.Build.0 = Debug|Win32
		{8F37E1F3-3A68-4A1D-9579-A1210BDD055E}.Release|Win32.ActiveCfg = Release|Win32
		{8F37E1F3-3A68-4A1D-9579-A1210BDD055E}.Release|Win32.Build.0 = Release|Win32
		{06113715-AC51-4E91-8B9D-C987CABE0920}.Debug|Win32.ActiveCfg = Debug|Win32
		{06113715-AC51-4E91-8B9D-C987CABE0920}.Debug|Win32.Build.0 = Debug|Win32
		{06113715-AC51-4E91-8B9D-C987CABE0920}.Release|Win32.ActiveCfg = Release|Win32
		{06113715-AC51-4E91-8B9D-C987CABE0920}.Release|Win32.Build.0 = Release|Win32
		{E8F6BD7E-461A-4733-B7D8-37B09A099ED8}.Debug|Win32.ActiveCfg = Debug|Win32
		{E8F6BD7E-461A-4733-B7D8-37B09A099ED8}.Debug|Win32.Build.0 = Debug|Win32
		{E8F6BD7E-461A-4733-B7D8-37B09A099ED8}.Release|Win32.ActiveCfg = Release|Win32
		{E8F6BD7E-461A-4733-B7D8-37B09A099ED8}.Release|Win32.Build.0 = Release|Win32
		{B865A797-36AF-4059-9D52-8FF4F9B132D5}.Debug|Win32.ActiveCfg = Debug|Win32
		{B865A797-36AF-4059-9D52-8FF4F9B132D5}.Debug|Win32.Build.0 = Debug|Win32
		{B865A797-36AF-4059-9D52-8FF4F9B132D5}.Release|Win32.ActiveCfg = Release|Win32
		{B865A797-36AF-4059-9D52-8FF4F9B132D5}.Release|Win32.Build.0 = Release|Win32
	EndGlobalSection
	GlobalSection(SolutionProperties) = preSolution
		HideSolutionNode = FALSE
	EndGlobalSection
EndGlobal
