Microsoft Visual Studio Solution File, Format Version 8.00
Project("{8BC9CEB8-8B4A-11D0-8D11-00A0C91BC942}") = "RSAEuro", "RSAEuro.vcproj", "{264D5059-0A60-4B6E-8979-245BC31141FE}"
	ProjectSection(ProjectDependencies) = postProject
	EndProjectSection
EndProject
Project("{8BC9CEB8-8B4A-11D0-8D11-00A0C91BC942}") = "boinc_cli", "boinc_cli.vcproj", "{06113715-AC51-4E91-8B9D-C987CABE0920}"
	ProjectSection(ProjectDependencies) = postProject
		{264D5059-0A60-4B6E-8979-245BC31141FE} = {264D5059-0A60-4B6E-8979-245BC31141FE}
		{21E7357D-41D8-444C-A120-18064B497174} = {21E7357D-41D8-444C-A120-18064B497174}
		{0B6B4994-5C4B-49F3-B717-17603AFB789E} = {0B6B4994-5C4B-49F3-B717-17603AFB789E}
	EndProjectSection
EndProject
Project("{8BC9CEB8-8B4A-11D0-8D11-00A0C91BC942}") = "boinc_dll", "boinc_dll.vcproj", "{0B6B4994-5C4B-49F3-B717-17603AFB789E}"
	ProjectSection(ProjectDependencies) = postProject
	EndProjectSection
EndProject
Project("{8BC9CEB8-8B4A-11D0-8D11-00A0C91BC942}") = "boinc_gui", "boinc_gui.vcproj", "{EB493826-9025-41CE-8F7B-8D7549FAF79B}"
	ProjectSection(ProjectDependencies) = postProject
		{264D5059-0A60-4B6E-8979-245BC31141FE} = {264D5059-0A60-4B6E-8979-245BC31141FE}
		{21E7357D-41D8-444C-A120-18064B497174} = {21E7357D-41D8-444C-A120-18064B497174}
		{0B6B4994-5C4B-49F3-B717-17603AFB789E} = {0B6B4994-5C4B-49F3-B717-17603AFB789E}
	EndProjectSection
EndProject
Project("{8BC9CEB8-8B4A-11D0-8D11-00A0C91BC942}") = "boinc_ss", "boinc_ss.vcproj", "{21E7357D-41D8-444C-A120-18064B497174}"
	ProjectSection(ProjectDependencies) = postProject
	EndProjectSection
EndProject
Project("{8BC9CEB8-8B4A-11D0-8D11-00A0C91BC942}") = "upper_case", "upper_case.vcproj", "{48FB07D8-6E26-4BB1-98AB-22001C0FB0FF}"
	ProjectSection(ProjectDependencies) = postProject
	EndProjectSection
EndProject
Project("{8BC9CEB8-8B4A-11D0-8D11-00A0C91BC942}") = "boinc_guirpctest", "boinc_guirpc_test.vcproj", "{DA997BD1-B575-465C-9851-EEBB727F506A}"
	ProjectSection(ProjectDependencies) = postProject
	EndProjectSection
EndProject
Project("{54435603-DBB4-11D2-8724-00A0C9A8B90C}") = "boinc_setup", "boinc_setup.vdproj", "{DCBF1B21-CABD-4ADC-B940-ED40623468EF}"
	ProjectSection(ProjectDependencies) = postProject
	EndProjectSection
EndProject
Project("{54435603-DBB4-11D2-8724-00A0C9A8B90C}") = "boinc_setup_auto", "boinc_setup_auto.vdproj", "{EF0D6FA3-4BD4-4D33-AD8F-4B70CB411BD9}"
	ProjectSection(ProjectDependencies) = postProject
	EndProjectSection
EndProject
Global
	GlobalSection(SolutionConfiguration) = preSolution
		Debug = Debug
		Release = Release
	EndGlobalSection
	GlobalSection(ProjectConfiguration) = postSolution
		{264D5059-0A60-4B6E-8979-245BC31141FE}.Debug.ActiveCfg = Debug|Win32
		{264D5059-0A60-4B6E-8979-245BC31141FE}.Debug.Build.0 = Debug|Win32
		{264D5059-0A60-4B6E-8979-245BC31141FE}.Release.ActiveCfg = Release|Win32
		{264D5059-0A60-4B6E-8979-245BC31141FE}.Release.Build.0 = Release|Win32
		{06113715-AC51-4E91-8B9D-C987CABE0920}.Debug.ActiveCfg = Debug|Win32
		{06113715-AC51-4E91-8B9D-C987CABE0920}.Debug.Build.0 = Debug|Win32
		{06113715-AC51-4E91-8B9D-C987CABE0920}.Release.ActiveCfg = Release|Win32
		{06113715-AC51-4E91-8B9D-C987CABE0920}.Release.Build.0 = Release|Win32
		{0B6B4994-5C4B-49F3-B717-17603AFB789E}.Debug.ActiveCfg = Debug|Win32
		{0B6B4994-5C4B-49F3-B717-17603AFB789E}.Debug.Build.0 = Debug|Win32
		{0B6B4994-5C4B-49F3-B717-17603AFB789E}.Release.ActiveCfg = Release|Win32
		{0B6B4994-5C4B-49F3-B717-17603AFB789E}.Release.Build.0 = Release|Win32
		{EB493826-9025-41CE-8F7B-8D7549FAF79B}.Debug.ActiveCfg = Debug|Win32
		{EB493826-9025-41CE-8F7B-8D7549FAF79B}.Debug.Build.0 = Debug|Win32
		{EB493826-9025-41CE-8F7B-8D7549FAF79B}.Release.ActiveCfg = Release|Win32
		{EB493826-9025-41CE-8F7B-8D7549FAF79B}.Release.Build.0 = Release|Win32
		{21E7357D-41D8-444C-A120-18064B497174}.Debug.ActiveCfg = Debug|Win32
		{21E7357D-41D8-444C-A120-18064B497174}.Debug.Build.0 = Debug|Win32
		{21E7357D-41D8-444C-A120-18064B497174}.Release.ActiveCfg = Release|Win32
		{21E7357D-41D8-444C-A120-18064B497174}.Release.Build.0 = Release|Win32
		{48FB07D8-6E26-4BB1-98AB-22001C0FB0FF}.Debug.ActiveCfg = Debug|Win32
		{48FB07D8-6E26-4BB1-98AB-22001C0FB0FF}.Debug.Build.0 = Debug|Win32
		{48FB07D8-6E26-4BB1-98AB-22001C0FB0FF}.Release.ActiveCfg = Release|Win32
		{48FB07D8-6E26-4BB1-98AB-22001C0FB0FF}.Release.Build.0 = Release|Win32
		{DA997BD1-B575-465C-9851-EEBB727F506A}.Debug.ActiveCfg = Debug|Win32
		{DA997BD1-B575-465C-9851-EEBB727F506A}.Debug.Build.0 = Debug|Win32
		{DA997BD1-B575-465C-9851-EEBB727F506A}.Release.ActiveCfg = Release|Win32
		{DA997BD1-B575-465C-9851-EEBB727F506A}.Release.Build.0 = Release|Win32
		{DCBF1B21-CABD-4ADC-B940-ED40623468EF}.Debug.ActiveCfg = Debug
		{DCBF1B21-CABD-4ADC-B940-ED40623468EF}.Debug.Build.0 = Debug
		{DCBF1B21-CABD-4ADC-B940-ED40623468EF}.Release.ActiveCfg = Release
		{DCBF1B21-CABD-4ADC-B940-ED40623468EF}.Release.Build.0 = Release
		{EF0D6FA3-4BD4-4D33-AD8F-4B70CB411BD9}.Debug.ActiveCfg = Debug
		{EF0D6FA3-4BD4-4D33-AD8F-4B70CB411BD9}.Debug.Build.0 = Debug
		{EF0D6FA3-4BD4-4D33-AD8F-4B70CB411BD9}.Release.ActiveCfg = Release
		{EF0D6FA3-4BD4-4D33-AD8F-4B70CB411BD9}.Release.Build.0 = Release
	EndGlobalSection
	GlobalSection(ExtensibilityGlobals) = postSolution
	EndGlobalSection
	GlobalSection(ExtensibilityAddIns) = postSolution
	EndGlobalSection
EndGlobal
